// !$*UTF8*$!
{
	archiveVersion = 1;
	classes = {
	};
	objectVersion = 55;
	objects = {

/* Begin PBXBuildFile section */
		1415DDA028F292B800433703 /* Coordinator.swift in Sources */ = {isa = PBXBuildFile; fileRef = 1415DD9F28F292B800433703 /* Coordinator.swift */; };
		1415DDA228F292C900433703 /* ApplicationCoordinator.swift in Sources */ = {isa = PBXBuildFile; fileRef = 1415DDA128F292C900433703 /* ApplicationCoordinator.swift */; };
		1415DDA628F4FDB000433703 /* OnboardingCoordinator.swift in Sources */ = {isa = PBXBuildFile; fileRef = 1415DDA528F4FDB000433703 /* OnboardingCoordinator.swift */; };
		1415DDA828F4FE1000433703 /* OnboardingView.swift in Sources */ = {isa = PBXBuildFile; fileRef = 1415DDA728F4FE1000433703 /* OnboardingView.swift */; };
		1415DDAB28F5063B00433703 /* MainCoordinator.swift in Sources */ = {isa = PBXBuildFile; fileRef = 1415DDAA28F5063B00433703 /* MainCoordinator.swift */; };
		1415DDAD28F50B0100433703 /* FeedTabCoordinator.swift in Sources */ = {isa = PBXBuildFile; fileRef = 1415DDAC28F50B0100433703 /* FeedTabCoordinator.swift */; };
		1415DDAF28F50B1200433703 /* ProfileTabCoordinator.swift in Sources */ = {isa = PBXBuildFile; fileRef = 1415DDAE28F50B1200433703 /* ProfileTabCoordinator.swift */; };
		1415DDCC28F551E200433703 /* PhotosModelView.swift in Sources */ = {isa = PBXBuildFile; fileRef = 1415DDCB28F551E200433703 /* PhotosModelView.swift */; };
		1415DDCE28F5583800433703 /* ProfileViewModel.swift in Sources */ = {isa = PBXBuildFile; fileRef = 1415DDCD28F5583800433703 /* ProfileViewModel.swift */; };
		1415DDD028F577AE00433703 /* FeedViewModel.swift in Sources */ = {isa = PBXBuildFile; fileRef = 1415DDCF28F577AE00433703 /* FeedViewModel.swift */; };
		1415DDD328F58DB300433703 /* CustomButton.swift in Sources */ = {isa = PBXBuildFile; fileRef = 1415DDD228F58DB300433703 /* CustomButton.swift */; };
		1415DDD528F5917300433703 /* CustomTextField.swift in Sources */ = {isa = PBXBuildFile; fileRef = 1415DDD428F5917300433703 /* CustomTextField.swift */; };
		1415DDD728F5919C00433703 /* CustomLabel.swift in Sources */ = {isa = PBXBuildFile; fileRef = 1415DDD628F5919C00433703 /* CustomLabel.swift */; };
		1415DDDA28F64F4200433703 /* PostModel.swift in Sources */ = {isa = PBXBuildFile; fileRef = 4F33CB6A28950D5F00319B6D /* PostModel.swift */; };
		1415DDDD28F65B9800433703 /* iOSIntPackage in Frameworks */ = {isa = PBXBuildFile; productRef = 1415DDDC28F65B9800433703 /* iOSIntPackage */; };
		145D9C7628CECB05008B2665 /* StorageService.docc in Sources */ = {isa = PBXBuildFile; fileRef = 145D9C7528CECB05008B2665 /* StorageService.docc */; };
		145D9C7C28CECB05008B2665 /* StorageService.framework in Frameworks */ = {isa = PBXBuildFile; fileRef = 145D9C7228CECB05008B2665 /* StorageService.framework */; };
		145D9C8328CECB05008B2665 /* StorageServiceTests.swift in Sources */ = {isa = PBXBuildFile; fileRef = 145D9C8228CECB05008B2665 /* StorageServiceTests.swift */; };
		145D9C8428CECB05008B2665 /* StorageService.h in Headers */ = {isa = PBXBuildFile; fileRef = 145D9C7428CECB05008B2665 /* StorageService.h */; settings = {ATTRIBUTES = (Public, ); }; };
		145D9C8728CECB05008B2665 /* StorageService.framework in Frameworks */ = {isa = PBXBuildFile; fileRef = 145D9C7228CECB05008B2665 /* StorageService.framework */; };
		145D9C8828CECB05008B2665 /* StorageService.framework in Embed Frameworks */ = {isa = PBXBuildFile; fileRef = 145D9C7228CECB05008B2665 /* StorageService.framework */; settings = {ATTRIBUTES = (CodeSignOnCopy, RemoveHeadersOnCopy, ); }; };
		14643E3728E6EAB1003478D6 /* LogInViewModel.swift in Sources */ = {isa = PBXBuildFile; fileRef = 14643E3628E6EAB1003478D6 /* LogInViewModel.swift */; };
		14FBC31D28E1795300D41C4C /* LogInModel.swift in Sources */ = {isa = PBXBuildFile; fileRef = 14FBC31C28E1795300D41C4C /* LogInModel.swift */; };
		4F40772B28A8A40C0040E680 /* ProfileTableHeaderView.swift in Sources */ = {isa = PBXBuildFile; fileRef = 4F40772A28A8A40C0040E680 /* ProfileTableHeaderView.swift */; };
		4F40772E28A8BDB20040E680 /* PostTableViewCell.swift in Sources */ = {isa = PBXBuildFile; fileRef = 4F40772D28A8BDB20040E680 /* PostTableViewCell.swift */; };
		4F40773028ACA6DD0040E680 /* PhotosTableViewCell.swift in Sources */ = {isa = PBXBuildFile; fileRef = 4F40772F28ACA6DD0040E680 /* PhotosTableViewCell.swift */; };
		4F40773228AD1B5C0040E680 /* Photos.swift in Sources */ = {isa = PBXBuildFile; fileRef = 4F40773128AD1B5C0040E680 /* Photos.swift */; };
		4F40773428ADF1D70040E680 /* PhotosViewController.swift in Sources */ = {isa = PBXBuildFile; fileRef = 4F40773328ADF1D70040E680 /* PhotosViewController.swift */; };
		4F40773828AE0E6F0040E680 /* PhotosCollectionViewCell.swift in Sources */ = {isa = PBXBuildFile; fileRef = 4F40773728AE0E6F0040E680 /* PhotosCollectionViewCell.swift */; };
		4F4C8ED328A0C23E00987CB2 /* LogInViewController.swift in Sources */ = {isa = PBXBuildFile; fileRef = 4F4C8ED228A0C23E00987CB2 /* LogInViewController.swift */; };
		4F7F58FA288E5AE400138DF2 /* AppDelegate.swift in Sources */ = {isa = PBXBuildFile; fileRef = 4F7F58F9288E5AE400138DF2 /* AppDelegate.swift */; };
		4F7F58FC288E5AE400138DF2 /* SceneDelegate.swift in Sources */ = {isa = PBXBuildFile; fileRef = 4F7F58FB288E5AE400138DF2 /* SceneDelegate.swift */; };
		4F7F5903288E5AE600138DF2 /* Assets.xcassets in Resources */ = {isa = PBXBuildFile; fileRef = 4F7F5902288E5AE600138DF2 /* Assets.xcassets */; };
		4F7F5906288E5AE600138DF2 /* LaunchScreen.storyboard in Resources */ = {isa = PBXBuildFile; fileRef = 4F7F5904288E5AE600138DF2 /* LaunchScreen.storyboard */; };
		4F7F590E288EC1EA00138DF2 /* FeedViewController.swift in Sources */ = {isa = PBXBuildFile; fileRef = 4F7F590D288EC1EA00138DF2 /* FeedViewController.swift */; };
		4F7F5910288EC1F800138DF2 /* ProfileViewController.swift in Sources */ = {isa = PBXBuildFile; fileRef = 4F7F590F288EC1F800138DF2 /* ProfileViewController.swift */; };
		4F7F5912288EC64B00138DF2 /* PostViewController.swift in Sources */ = {isa = PBXBuildFile; fileRef = 4F7F5911288EC64B00138DF2 /* PostViewController.swift */; };
		4F7F5914288EDF6700138DF2 /* InfoViewController.swift in Sources */ = {isa = PBXBuildFile; fileRef = 4F7F5913288EDF6700138DF2 /* InfoViewController.swift */; };
/* End PBXBuildFile section */

/* Begin PBXContainerItemProxy section */
		145D9C7D28CECB05008B2665 /* PBXContainerItemProxy */ = {
			isa = PBXContainerItemProxy;
			containerPortal = 4F7F58EE288E5AE400138DF2 /* Project object */;
			proxyType = 1;
			remoteGlobalIDString = 145D9C7128CECB05008B2665;
			remoteInfo = StorageService;
		};
		145D9C7F28CECB05008B2665 /* PBXContainerItemProxy */ = {
			isa = PBXContainerItemProxy;
			containerPortal = 4F7F58EE288E5AE400138DF2 /* Project object */;
			proxyType = 1;
			remoteGlobalIDString = 4F7F58F5288E5AE400138DF2;
			remoteInfo = Navigation;
		};
		145D9C8528CECB05008B2665 /* PBXContainerItemProxy */ = {
			isa = PBXContainerItemProxy;
			containerPortal = 4F7F58EE288E5AE400138DF2 /* Project object */;
			proxyType = 1;
			remoteGlobalIDString = 145D9C7128CECB05008B2665;
			remoteInfo = StorageService;
		};
/* End PBXContainerItemProxy section */

/* Begin PBXCopyFilesBuildPhase section */
		145D9C8928CECB05008B2665 /* Embed Frameworks */ = {
			isa = PBXCopyFilesBuildPhase;
			buildActionMask = 2147483647;
			dstPath = "";
			dstSubfolderSpec = 10;
			files = (
				145D9C8828CECB05008B2665 /* StorageService.framework in Embed Frameworks */,
			);
			name = "Embed Frameworks";
			runOnlyForDeploymentPostprocessing = 0;
		};
/* End PBXCopyFilesBuildPhase section */

/* Begin PBXFileReference section */
		1415DD9F28F292B800433703 /* Coordinator.swift */ = {isa = PBXFileReference; lastKnownFileType = sourcecode.swift; path = Coordinator.swift; sourceTree = "<group>"; };
		1415DDA128F292C900433703 /* ApplicationCoordinator.swift */ = {isa = PBXFileReference; lastKnownFileType = sourcecode.swift; path = ApplicationCoordinator.swift; sourceTree = "<group>"; };
		1415DDA528F4FDB000433703 /* OnboardingCoordinator.swift */ = {isa = PBXFileReference; lastKnownFileType = sourcecode.swift; path = OnboardingCoordinator.swift; sourceTree = "<group>"; };
		1415DDA728F4FE1000433703 /* OnboardingView.swift */ = {isa = PBXFileReference; lastKnownFileType = sourcecode.swift; path = OnboardingView.swift; sourceTree = "<group>"; };
		1415DDAA28F5063B00433703 /* MainCoordinator.swift */ = {isa = PBXFileReference; lastKnownFileType = sourcecode.swift; path = MainCoordinator.swift; sourceTree = "<group>"; };
		1415DDAC28F50B0100433703 /* FeedTabCoordinator.swift */ = {isa = PBXFileReference; lastKnownFileType = sourcecode.swift; path = FeedTabCoordinator.swift; sourceTree = "<group>"; };
		1415DDAE28F50B1200433703 /* ProfileTabCoordinator.swift */ = {isa = PBXFileReference; lastKnownFileType = sourcecode.swift; path = ProfileTabCoordinator.swift; sourceTree = "<group>"; };
		1415DDCB28F551E200433703 /* PhotosModelView.swift */ = {isa = PBXFileReference; lastKnownFileType = sourcecode.swift; path = PhotosModelView.swift; sourceTree = "<group>"; };
		1415DDCD28F5583800433703 /* ProfileViewModel.swift */ = {isa = PBXFileReference; lastKnownFileType = sourcecode.swift; path = ProfileViewModel.swift; sourceTree = "<group>"; };
		1415DDCF28F577AE00433703 /* FeedViewModel.swift */ = {isa = PBXFileReference; lastKnownFileType = sourcecode.swift; path = FeedViewModel.swift; sourceTree = "<group>"; };
		1415DDD228F58DB300433703 /* CustomButton.swift */ = {isa = PBXFileReference; lastKnownFileType = sourcecode.swift; path = CustomButton.swift; sourceTree = "<group>"; };
		1415DDD428F5917300433703 /* CustomTextField.swift */ = {isa = PBXFileReference; lastKnownFileType = sourcecode.swift; path = CustomTextField.swift; sourceTree = "<group>"; };
		1415DDD628F5919C00433703 /* CustomLabel.swift */ = {isa = PBXFileReference; lastKnownFileType = sourcecode.swift; path = CustomLabel.swift; sourceTree = "<group>"; };
		145D9C7228CECB05008B2665 /* StorageService.framework */ = {isa = PBXFileReference; explicitFileType = wrapper.framework; includeInIndex = 0; path = StorageService.framework; sourceTree = BUILT_PRODUCTS_DIR; };
		145D9C7428CECB05008B2665 /* StorageService.h */ = {isa = PBXFileReference; lastKnownFileType = sourcecode.c.h; path = StorageService.h; sourceTree = "<group>"; };
		145D9C7528CECB05008B2665 /* StorageService.docc */ = {isa = PBXFileReference; lastKnownFileType = folder.documentationcatalog; path = StorageService.docc; sourceTree = "<group>"; };
		145D9C7B28CECB05008B2665 /* StorageServiceTests.xctest */ = {isa = PBXFileReference; explicitFileType = wrapper.cfbundle; includeInIndex = 0; path = StorageServiceTests.xctest; sourceTree = BUILT_PRODUCTS_DIR; };
		145D9C8228CECB05008B2665 /* StorageServiceTests.swift */ = {isa = PBXFileReference; lastKnownFileType = sourcecode.swift; path = StorageServiceTests.swift; sourceTree = "<group>"; };
		14643E3628E6EAB1003478D6 /* LogInViewModel.swift */ = {isa = PBXFileReference; lastKnownFileType = sourcecode.swift; path = LogInViewModel.swift; sourceTree = "<group>"; };
		14FBC31C28E1795300D41C4C /* LogInModel.swift */ = {isa = PBXFileReference; lastKnownFileType = sourcecode.swift; path = LogInModel.swift; sourceTree = "<group>"; };
		4F33CB6A28950D5F00319B6D /* PostModel.swift */ = {isa = PBXFileReference; lastKnownFileType = sourcecode.swift; path = PostModel.swift; sourceTree = "<group>"; };
		4F40772A28A8A40C0040E680 /* ProfileTableHeaderView.swift */ = {isa = PBXFileReference; lastKnownFileType = sourcecode.swift; path = ProfileTableHeaderView.swift; sourceTree = "<group>"; };
		4F40772D28A8BDB20040E680 /* PostTableViewCell.swift */ = {isa = PBXFileReference; lastKnownFileType = sourcecode.swift; path = PostTableViewCell.swift; sourceTree = "<group>"; };
		4F40772F28ACA6DD0040E680 /* PhotosTableViewCell.swift */ = {isa = PBXFileReference; lastKnownFileType = sourcecode.swift; path = PhotosTableViewCell.swift; sourceTree = "<group>"; };
		4F40773128AD1B5C0040E680 /* Photos.swift */ = {isa = PBXFileReference; lastKnownFileType = sourcecode.swift; path = Photos.swift; sourceTree = "<group>"; };
		4F40773328ADF1D70040E680 /* PhotosViewController.swift */ = {isa = PBXFileReference; lastKnownFileType = sourcecode.swift; path = PhotosViewController.swift; sourceTree = "<group>"; };
		4F40773728AE0E6F0040E680 /* PhotosCollectionViewCell.swift */ = {isa = PBXFileReference; lastKnownFileType = sourcecode.swift; path = PhotosCollectionViewCell.swift; sourceTree = "<group>"; };
		4F4C8ED228A0C23E00987CB2 /* LogInViewController.swift */ = {isa = PBXFileReference; lastKnownFileType = sourcecode.swift; path = LogInViewController.swift; sourceTree = "<group>"; };
		4F7F58F6288E5AE400138DF2 /* Navigation.app */ = {isa = PBXFileReference; explicitFileType = wrapper.application; includeInIndex = 0; path = Navigation.app; sourceTree = BUILT_PRODUCTS_DIR; };
		4F7F58F9288E5AE400138DF2 /* AppDelegate.swift */ = {isa = PBXFileReference; lastKnownFileType = sourcecode.swift; path = AppDelegate.swift; sourceTree = "<group>"; };
		4F7F58FB288E5AE400138DF2 /* SceneDelegate.swift */ = {isa = PBXFileReference; lastKnownFileType = sourcecode.swift; path = SceneDelegate.swift; sourceTree = "<group>"; };
		4F7F5902288E5AE600138DF2 /* Assets.xcassets */ = {isa = PBXFileReference; lastKnownFileType = folder.assetcatalog; path = Assets.xcassets; sourceTree = "<group>"; };
		4F7F5905288E5AE600138DF2 /* Base */ = {isa = PBXFileReference; lastKnownFileType = file.storyboard; name = Base; path = Base.lproj/LaunchScreen.storyboard; sourceTree = "<group>"; };
		4F7F5907288E5AE600138DF2 /* Info.plist */ = {isa = PBXFileReference; lastKnownFileType = text.plist.xml; path = Info.plist; sourceTree = "<group>"; };
		4F7F590D288EC1EA00138DF2 /* FeedViewController.swift */ = {isa = PBXFileReference; lastKnownFileType = sourcecode.swift; path = FeedViewController.swift; sourceTree = "<group>"; };
		4F7F590F288EC1F800138DF2 /* ProfileViewController.swift */ = {isa = PBXFileReference; lastKnownFileType = sourcecode.swift; path = ProfileViewController.swift; sourceTree = "<group>"; };
		4F7F5911288EC64B00138DF2 /* PostViewController.swift */ = {isa = PBXFileReference; lastKnownFileType = sourcecode.swift; path = PostViewController.swift; sourceTree = "<group>"; };
		4F7F5913288EDF6700138DF2 /* InfoViewController.swift */ = {isa = PBXFileReference; lastKnownFileType = sourcecode.swift; path = InfoViewController.swift; sourceTree = "<group>"; };
/* End PBXFileReference section */

/* Begin PBXFrameworksBuildPhase section */
		145D9C6F28CECB05008B2665 /* Frameworks */ = {
			isa = PBXFrameworksBuildPhase;
			buildActionMask = 2147483647;
			files = (
			);
			runOnlyForDeploymentPostprocessing = 0;
		};
		145D9C7828CECB05008B2665 /* Frameworks */ = {
			isa = PBXFrameworksBuildPhase;
			buildActionMask = 2147483647;
			files = (
				145D9C7C28CECB05008B2665 /* StorageService.framework in Frameworks */,
			);
			runOnlyForDeploymentPostprocessing = 0;
		};
		4F7F58F3288E5AE400138DF2 /* Frameworks */ = {
			isa = PBXFrameworksBuildPhase;
			buildActionMask = 2147483647;
			files = (
				145D9C8728CECB05008B2665 /* StorageService.framework in Frameworks */,
				1415DDDD28F65B9800433703 /* iOSIntPackage in Frameworks */,
			);
			runOnlyForDeploymentPostprocessing = 0;
		};
/* End PBXFrameworksBuildPhase section */

/* Begin PBXGroup section */
		1415DD9E28F292A400433703 /* Coordinator */ = {
			isa = PBXGroup;
			children = (
				1415DD9F28F292B800433703 /* Coordinator.swift */,
				1415DDA128F292C900433703 /* ApplicationCoordinator.swift */,
				1415DDAA28F5063B00433703 /* MainCoordinator.swift */,
				1415DDAE28F50B1200433703 /* ProfileTabCoordinator.swift */,
				1415DDAC28F50B0100433703 /* FeedTabCoordinator.swift */,
			);
			path = Coordinator;
			sourceTree = "<group>";
		};
		1415DDA328F4FD6A00433703 /* Onboarding */ = {
			isa = PBXGroup;
			children = (
				1415DDA528F4FDB000433703 /* OnboardingCoordinator.swift */,
				1415DDA728F4FE1000433703 /* OnboardingView.swift */,
			);
			path = Onboarding;
			sourceTree = "<group>";
		};
		1415DDC928F5464E00433703 /* Views */ = {
			isa = PBXGroup;
			children = (
				4F4F25AB289F4FB500C225E4 /* Feed */,
				4F7F59162894A17600138DF2 /* Profile */,
			);
			path = Views;
			sourceTree = "<group>";
		};
		1415DDD928F594F600433703 /* ViewControllers */ = {
			isa = PBXGroup;
			children = (
				1415DDCF28F577AE00433703 /* FeedViewModel.swift */,
				4F7F590D288EC1EA00138DF2 /* FeedViewController.swift */,
				4F7F5911288EC64B00138DF2 /* PostViewController.swift */,
				4F7F5913288EDF6700138DF2 /* InfoViewController.swift */,
				1415DDD228F58DB300433703 /* CustomButton.swift */,
				1415DDD428F5917300433703 /* CustomTextField.swift */,
				1415DDD628F5919C00433703 /* CustomLabel.swift */,
			);
			path = ViewControllers;
			sourceTree = "<group>";
		};
		145D9C7328CECB05008B2665 /* StorageService */ = {
			isa = PBXGroup;
			children = (
				145D9C7428CECB05008B2665 /* StorageService.h */,
				145D9C7528CECB05008B2665 /* StorageService.docc */,
			);
			path = StorageService;
			sourceTree = "<group>";
		};
		145D9C8128CECB05008B2665 /* StorageServiceTests */ = {
			isa = PBXGroup;
			children = (
				145D9C8228CECB05008B2665 /* StorageServiceTests.swift */,
			);
			path = StorageServiceTests;
			sourceTree = "<group>";
		};
		4F40772C28A8B5D80040E680 /* Posts */ = {
			isa = PBXGroup;
			children = (
				1415DDCD28F5583800433703 /* ProfileViewModel.swift */,
				4F7F590F288EC1F800138DF2 /* ProfileViewController.swift */,
				4F40772A28A8A40C0040E680 /* ProfileTableHeaderView.swift */,
				4F40772F28ACA6DD0040E680 /* PhotosTableViewCell.swift */,
				4F40772D28A8BDB20040E680 /* PostTableViewCell.swift */,
				4F33CB6A28950D5F00319B6D /* PostModel.swift */,
				4F40773528ADF75F0040E680 /* Photos */,
			);
			path = Posts;
			sourceTree = "<group>";
		};
		4F40773528ADF75F0040E680 /* Photos */ = {
			isa = PBXGroup;
			children = (
				4F40773328ADF1D70040E680 /* PhotosViewController.swift */,
				4F40773728AE0E6F0040E680 /* PhotosCollectionViewCell.swift */,
				4F40773128AD1B5C0040E680 /* Photos.swift */,
				1415DDCB28F551E200433703 /* PhotosModelView.swift */,
			);
			path = Photos;
			sourceTree = "<group>";
		};
		4F4F25AB289F4FB500C225E4 /* Feed */ = {
			isa = PBXGroup;
			children = (
				1415DDD928F594F600433703 /* ViewControllers */,
			);
			path = Feed;
			sourceTree = "<group>";
		};
		4F7F58ED288E5AE400138DF2 = {
			isa = PBXGroup;
			children = (
				4F7F58F8288E5AE400138DF2 /* Navigation */,
				145D9C7328CECB05008B2665 /* StorageService */,
				145D9C8128CECB05008B2665 /* StorageServiceTests */,
				4F7F58F7288E5AE400138DF2 /* Products */,
			);
			sourceTree = "<group>";
		};
		4F7F58F7288E5AE400138DF2 /* Products */ = {
			isa = PBXGroup;
			children = (
				4F7F58F6288E5AE400138DF2 /* Navigation.app */,
				145D9C7228CECB05008B2665 /* StorageService.framework */,
				145D9C7B28CECB05008B2665 /* StorageServiceTests.xctest */,
			);
			name = Products;
			sourceTree = "<group>";
		};
		4F7F58F8288E5AE400138DF2 /* Navigation */ = {
			isa = PBXGroup;
			children = (
				1415DDC928F5464E00433703 /* Views */,
				1415DD9E28F292A400433703 /* Coordinator */,
				4F7F58F9288E5AE400138DF2 /* AppDelegate.swift */,
				4F7F58FB288E5AE400138DF2 /* SceneDelegate.swift */,
				4F7F5902288E5AE600138DF2 /* Assets.xcassets */,
				4F7F5904288E5AE600138DF2 /* LaunchScreen.storyboard */,
				4F7F5907288E5AE600138DF2 /* Info.plist */,
				1415DDA328F4FD6A00433703 /* Onboarding */,
			);
			path = Navigation;
			sourceTree = "<group>";
		};
		4F7F59162894A17600138DF2 /* Profile */ = {
			isa = PBXGroup;
			children = (
				4F4C8ED228A0C23E00987CB2 /* LogInViewController.swift */,
				14FBC31C28E1795300D41C4C /* LogInModel.swift */,
				14643E3628E6EAB1003478D6 /* LogInViewModel.swift */,
				4F40772C28A8B5D80040E680 /* Posts */,
			);
			path = Profile;
			sourceTree = "<group>";
		};
/* End PBXGroup section */

/* Begin PBXHeadersBuildPhase section */
		145D9C6D28CECB05008B2665 /* Headers */ = {
			isa = PBXHeadersBuildPhase;
			buildActionMask = 2147483647;
			files = (
				145D9C8428CECB05008B2665 /* StorageService.h in Headers */,
			);
			runOnlyForDeploymentPostprocessing = 0;
		};
/* End PBXHeadersBuildPhase section */

/* Begin PBXNativeTarget section */
		145D9C7128CECB05008B2665 /* StorageService */ = {
			isa = PBXNativeTarget;
			buildConfigurationList = 145D9C8E28CECB05008B2665 /* Build configuration list for PBXNativeTarget "StorageService" */;
			buildPhases = (
				145D9C6D28CECB05008B2665 /* Headers */,
				145D9C6E28CECB05008B2665 /* Sources */,
				145D9C6F28CECB05008B2665 /* Frameworks */,
				145D9C7028CECB05008B2665 /* Resources */,
			);
			buildRules = (
			);
			dependencies = (
			);
			name = StorageService;
			productName = StorageService;
			productReference = 145D9C7228CECB05008B2665 /* StorageService.framework */;
			productType = "com.apple.product-type.framework";
		};
		145D9C7A28CECB05008B2665 /* StorageServiceTests */ = {
			isa = PBXNativeTarget;
			buildConfigurationList = 145D9C8F28CECB05008B2665 /* Build configuration list for PBXNativeTarget "StorageServiceTests" */;
			buildPhases = (
				145D9C7728CECB05008B2665 /* Sources */,
				145D9C7828CECB05008B2665 /* Frameworks */,
				145D9C7928CECB05008B2665 /* Resources */,
			);
			buildRules = (
			);
			dependencies = (
				145D9C7E28CECB05008B2665 /* PBXTargetDependency */,
				145D9C8028CECB05008B2665 /* PBXTargetDependency */,
			);
			name = StorageServiceTests;
			productName = StorageServiceTests;
			productReference = 145D9C7B28CECB05008B2665 /* StorageServiceTests.xctest */;
			productType = "com.apple.product-type.bundle.unit-test";
		};
		4F7F58F5288E5AE400138DF2 /* Navigation */ = {
			isa = PBXNativeTarget;
			buildConfigurationList = 4F7F590A288E5AE600138DF2 /* Build configuration list for PBXNativeTarget "Navigation" */;
			buildPhases = (
				4F7F58F2288E5AE400138DF2 /* Sources */,
				4F7F58F3288E5AE400138DF2 /* Frameworks */,
				4F7F58F4288E5AE400138DF2 /* Resources */,
				145D9C8928CECB05008B2665 /* Embed Frameworks */,
			);
			buildRules = (
			);
			dependencies = (
				145D9C8628CECB05008B2665 /* PBXTargetDependency */,
			);
			name = Navigation;
			packageProductDependencies = (
				1415DDDC28F65B9800433703 /* iOSIntPackage */,
			);
			productName = Navigation;
			productReference = 4F7F58F6288E5AE400138DF2 /* Navigation.app */;
			productType = "com.apple.product-type.application";
		};
/* End PBXNativeTarget section */

/* Begin PBXProject section */
		4F7F58EE288E5AE400138DF2 /* Project object */ = {
			isa = PBXProject;
			attributes = {
				BuildIndependentTargetsInParallel = 1;
				LastSwiftUpdateCheck = 1340;
				LastUpgradeCheck = 1340;
				TargetAttributes = {
					145D9C7128CECB05008B2665 = {
						CreatedOnToolsVersion = 13.4.1;
					};
					145D9C7A28CECB05008B2665 = {
						CreatedOnToolsVersion = 13.4.1;
						TestTargetID = 4F7F58F5288E5AE400138DF2;
					};
					4F7F58F5288E5AE400138DF2 = {
						CreatedOnToolsVersion = 13.4;
					};
				};
			};
			buildConfigurationList = 4F7F58F1288E5AE400138DF2 /* Build configuration list for PBXProject "Navigation" */;
			compatibilityVersion = "Xcode 13.0";
			developmentRegion = en;
			hasScannedForEncodings = 0;
			knownRegions = (
				en,
				Base,
			);
			mainGroup = 4F7F58ED288E5AE400138DF2;
			packageReferences = (
				1415DDDB28F65B9800433703 /* XCRemoteSwiftPackageReference "iOSIntPackage" */,
			);
			productRefGroup = 4F7F58F7288E5AE400138DF2 /* Products */;
			projectDirPath = "";
			projectRoot = "";
			targets = (
				4F7F58F5288E5AE400138DF2 /* Navigation */,
				145D9C7128CECB05008B2665 /* StorageService */,
				145D9C7A28CECB05008B2665 /* StorageServiceTests */,
			);
		};
/* End PBXProject section */

/* Begin PBXResourcesBuildPhase section */
		145D9C7028CECB05008B2665 /* Resources */ = {
			isa = PBXResourcesBuildPhase;
			buildActionMask = 2147483647;
			files = (
			);
			runOnlyForDeploymentPostprocessing = 0;
		};
		145D9C7928CECB05008B2665 /* Resources */ = {
			isa = PBXResourcesBuildPhase;
			buildActionMask = 2147483647;
			files = (
			);
			runOnlyForDeploymentPostprocessing = 0;
		};
		4F7F58F4288E5AE400138DF2 /* Resources */ = {
			isa = PBXResourcesBuildPhase;
			buildActionMask = 2147483647;
			files = (
				4F7F5906288E5AE600138DF2 /* LaunchScreen.storyboard in Resources */,
				4F7F5903288E5AE600138DF2 /* Assets.xcassets in Resources */,
			);
			runOnlyForDeploymentPostprocessing = 0;
		};
/* End PBXResourcesBuildPhase section */

/* Begin PBXSourcesBuildPhase section */
		145D9C6E28CECB05008B2665 /* Sources */ = {
			isa = PBXSourcesBuildPhase;
			buildActionMask = 2147483647;
			files = (
				145D9C7628CECB05008B2665 /* StorageService.docc in Sources */,
			);
			runOnlyForDeploymentPostprocessing = 0;
		};
		145D9C7728CECB05008B2665 /* Sources */ = {
			isa = PBXSourcesBuildPhase;
			buildActionMask = 2147483647;
			files = (
				145D9C8328CECB05008B2665 /* StorageServiceTests.swift in Sources */,
			);
			runOnlyForDeploymentPostprocessing = 0;
		};
		4F7F58F2288E5AE400138DF2 /* Sources */ = {
			isa = PBXSourcesBuildPhase;
			buildActionMask = 2147483647;
			files = (
				1415DDD328F58DB300433703 /* CustomButton.swift in Sources */,
				1415DDD028F577AE00433703 /* FeedViewModel.swift in Sources */,
				1415DDA228F292C900433703 /* ApplicationCoordinator.swift in Sources */,
				1415DDD728F5919C00433703 /* CustomLabel.swift in Sources */,
				1415DDA028F292B800433703 /* Coordinator.swift in Sources */,
				4F7F5912288EC64B00138DF2 /* PostViewController.swift in Sources */,
				14643E3728E6EAB1003478D6 /* LogInViewModel.swift in Sources */,
				4F7F58FA288E5AE400138DF2 /* AppDelegate.swift in Sources */,
				4F7F5914288EDF6700138DF2 /* InfoViewController.swift in Sources */,
				1415DDD528F5917300433703 /* CustomTextField.swift in Sources */,
				1415DDCE28F5583800433703 /* ProfileViewModel.swift in Sources */,
				1415DDAF28F50B1200433703 /* ProfileTabCoordinator.swift in Sources */,
				4F7F5910288EC1F800138DF2 /* ProfileViewController.swift in Sources */,
				4F7F590E288EC1EA00138DF2 /* FeedViewController.swift in Sources */,
				4F40773228AD1B5C0040E680 /* Photos.swift in Sources */,
				14FBC31D28E1795300D41C4C /* LogInModel.swift in Sources */,
				1415DDAD28F50B0100433703 /* FeedTabCoordinator.swift in Sources */,
				4F7F58FC288E5AE400138DF2 /* SceneDelegate.swift in Sources */,
				1415DDA828F4FE1000433703 /* OnboardingView.swift in Sources */,
				4F40773428ADF1D70040E680 /* PhotosViewController.swift in Sources */,
				1415DDCC28F551E200433703 /* PhotosModelView.swift in Sources */,
				1415DDAB28F5063B00433703 /* MainCoordinator.swift in Sources */,
				1415DDDA28F64F4200433703 /* PostModel.swift in Sources */,
				4F4C8ED328A0C23E00987CB2 /* LogInViewController.swift in Sources */,
				1415DDA628F4FDB000433703 /* OnboardingCoordinator.swift in Sources */,
				4F40773028ACA6DD0040E680 /* PhotosTableViewCell.swift in Sources */,
				4F40772B28A8A40C0040E680 /* ProfileTableHeaderView.swift in Sources */,
				4F40773828AE0E6F0040E680 /* PhotosCollectionViewCell.swift in Sources */,
				4F40772E28A8BDB20040E680 /* PostTableViewCell.swift in Sources */,
			);
			runOnlyForDeploymentPostprocessing = 0;
		};
/* End PBXSourcesBuildPhase section */

/* Begin PBXTargetDependency section */
		145D9C7E28CECB05008B2665 /* PBXTargetDependency */ = {
			isa = PBXTargetDependency;
			target = 145D9C7128CECB05008B2665 /* StorageService */;
			targetProxy = 145D9C7D28CECB05008B2665 /* PBXContainerItemProxy */;
		};
		145D9C8028CECB05008B2665 /* PBXTargetDependency */ = {
			isa = PBXTargetDependency;
			target = 4F7F58F5288E5AE400138DF2 /* Navigation */;
			targetProxy = 145D9C7F28CECB05008B2665 /* PBXContainerItemProxy */;
		};
		145D9C8628CECB05008B2665 /* PBXTargetDependency */ = {
			isa = PBXTargetDependency;
			target = 145D9C7128CECB05008B2665 /* StorageService */;
			targetProxy = 145D9C8528CECB05008B2665 /* PBXContainerItemProxy */;
		};
/* End PBXTargetDependency section */

/* Begin PBXVariantGroup section */
		4F7F5904288E5AE600138DF2 /* LaunchScreen.storyboard */ = {
			isa = PBXVariantGroup;
			children = (
				4F7F5905288E5AE600138DF2 /* Base */,
			);
			name = LaunchScreen.storyboard;
			sourceTree = "<group>";
		};
/* End PBXVariantGroup section */

/* Begin XCBuildConfiguration section */
		145D9C8A28CECB05008B2665 /* Debug */ = {
			isa = XCBuildConfiguration;
			buildSettings = {
				CODE_SIGN_STYLE = Automatic;
				CURRENT_PROJECT_VERSION = 1;
				DEFINES_MODULE = YES;
				DEVELOPMENT_TEAM = YY78XVR2DH;
				DYLIB_COMPATIBILITY_VERSION = 1;
				DYLIB_CURRENT_VERSION = 1;
				DYLIB_INSTALL_NAME_BASE = "@rpath";
				GENERATE_INFOPLIST_FILE = YES;
				INFOPLIST_KEY_NSHumanReadableCopyright = "";
				INSTALL_PATH = "$(LOCAL_LIBRARY_DIR)/Frameworks";
				LD_RUNPATH_SEARCH_PATHS = (
					"$(inherited)",
					"@executable_path/Frameworks",
					"@loader_path/Frameworks",
				);
				MARKETING_VERSION = 1.0;
				PRODUCT_BUNDLE_IDENTIFIER = Kiryl.Navigation.StorageService;
				PRODUCT_NAME = "$(TARGET_NAME:c99extidentifier)";
				SKIP_INSTALL = YES;
				SWIFT_EMIT_LOC_STRINGS = YES;
				SWIFT_VERSION = 5.0;
				TARGETED_DEVICE_FAMILY = "1,2";
				VERSIONING_SYSTEM = "apple-generic";
				VERSION_INFO_PREFIX = "";
			};
			name = Debug;
		};
		145D9C8B28CECB05008B2665 /* Release */ = {
			isa = XCBuildConfiguration;
			buildSettings = {
				CODE_SIGN_STYLE = Automatic;
				CURRENT_PROJECT_VERSION = 1;
				DEFINES_MODULE = YES;
				DEVELOPMENT_TEAM = YY78XVR2DH;
				DYLIB_COMPATIBILITY_VERSION = 1;
				DYLIB_CURRENT_VERSION = 1;
				DYLIB_INSTALL_NAME_BASE = "@rpath";
				GENERATE_INFOPLIST_FILE = YES;
				INFOPLIST_KEY_NSHumanReadableCopyright = "";
				INSTALL_PATH = "$(LOCAL_LIBRARY_DIR)/Frameworks";
				LD_RUNPATH_SEARCH_PATHS = (
					"$(inherited)",
					"@executable_path/Frameworks",
					"@loader_path/Frameworks",
				);
				MARKETING_VERSION = 1.0;
				PRODUCT_BUNDLE_IDENTIFIER = Kiryl.Navigation.StorageService;
				PRODUCT_NAME = "$(TARGET_NAME:c99extidentifier)";
				SKIP_INSTALL = YES;
				SWIFT_EMIT_LOC_STRINGS = YES;
				SWIFT_VERSION = 5.0;
				TARGETED_DEVICE_FAMILY = "1,2";
				VERSIONING_SYSTEM = "apple-generic";
				VERSION_INFO_PREFIX = "";
			};
			name = Release;
		};
		145D9C8C28CECB05008B2665 /* Debug */ = {
			isa = XCBuildConfiguration;
			buildSettings = {
				CODE_SIGN_STYLE = Automatic;
				CURRENT_PROJECT_VERSION = 1;
				GENERATE_INFOPLIST_FILE = YES;
				MARKETING_VERSION = 1.0;
				PRODUCT_BUNDLE_IDENTIFIER = Kiryl.Navigation.StorageServiceTests;
				PRODUCT_NAME = "$(TARGET_NAME)";
				SWIFT_EMIT_LOC_STRINGS = NO;
				SWIFT_VERSION = 5.0;
				TARGETED_DEVICE_FAMILY = "1,2";
				TEST_HOST = "$(BUILT_PRODUCTS_DIR)/Navigation.app/Navigation";
			};
			name = Debug;
		};
		145D9C8D28CECB05008B2665 /* Release */ = {
			isa = XCBuildConfiguration;
			buildSettings = {
				CODE_SIGN_STYLE = Automatic;
				CURRENT_PROJECT_VERSION = 1;
				GENERATE_INFOPLIST_FILE = YES;
				MARKETING_VERSION = 1.0;
				PRODUCT_BUNDLE_IDENTIFIER = Kiryl.Navigation.StorageServiceTests;
				PRODUCT_NAME = "$(TARGET_NAME)";
				SWIFT_EMIT_LOC_STRINGS = NO;
				SWIFT_VERSION = 5.0;
				TARGETED_DEVICE_FAMILY = "1,2";
				TEST_HOST = "$(BUILT_PRODUCTS_DIR)/Navigation.app/Navigation";
			};
			name = Release;
		};
		4F7F5908288E5AE600138DF2 /* Debug */ = {
			isa = XCBuildConfiguration;
			buildSettings = {
				ALWAYS_SEARCH_USER_PATHS = NO;
				CLANG_ANALYZER_NONNULL = YES;
				CLANG_ANALYZER_NUMBER_OBJECT_CONVERSION = YES_AGGRESSIVE;
				CLANG_CXX_LANGUAGE_STANDARD = "gnu++17";
				CLANG_ENABLE_MODULES = YES;
				CLANG_ENABLE_OBJC_ARC = YES;
				CLANG_ENABLE_OBJC_WEAK = YES;
				CLANG_WARN_BLOCK_CAPTURE_AUTORELEASING = YES;
				CLANG_WARN_BOOL_CONVERSION = YES;
				CLANG_WARN_COMMA = YES;
				CLANG_WARN_CONSTANT_CONVERSION = YES;
				CLANG_WARN_DEPRECATED_OBJC_IMPLEMENTATIONS = YES;
				CLANG_WARN_DIRECT_OBJC_ISA_USAGE = YES_ERROR;
				CLANG_WARN_DOCUMENTATION_COMMENTS = YES;
				CLANG_WARN_EMPTY_BODY = YES;
				CLANG_WARN_ENUM_CONVERSION = YES;
				CLANG_WARN_INFINITE_RECURSION = YES;
				CLANG_WARN_INT_CONVERSION = YES;
				CLANG_WARN_NON_LITERAL_NULL_CONVERSION = YES;
				CLANG_WARN_OBJC_IMPLICIT_RETAIN_SELF = YES;
				CLANG_WARN_OBJC_LITERAL_CONVERSION = YES;
				CLANG_WARN_OBJC_ROOT_CLASS = YES_ERROR;
				CLANG_WARN_QUOTED_INCLUDE_IN_FRAMEWORK_HEADER = YES;
				CLANG_WARN_RANGE_LOOP_ANALYSIS = YES;
				CLANG_WARN_STRICT_PROTOTYPES = YES;
				CLANG_WARN_SUSPICIOUS_MOVE = YES;
				CLANG_WARN_UNGUARDED_AVAILABILITY = YES_AGGRESSIVE;
				CLANG_WARN_UNREACHABLE_CODE = YES;
				CLANG_WARN__DUPLICATE_METHOD_MATCH = YES;
				COPY_PHASE_STRIP = NO;
				DEBUG_INFORMATION_FORMAT = dwarf;
				ENABLE_STRICT_OBJC_MSGSEND = YES;
				ENABLE_TESTABILITY = YES;
				GCC_C_LANGUAGE_STANDARD = gnu11;
				GCC_DYNAMIC_NO_PIC = NO;
				GCC_NO_COMMON_BLOCKS = YES;
				GCC_OPTIMIZATION_LEVEL = 0;
				GCC_PREPROCESSOR_DEFINITIONS = (
					"DEBUG=1",
					"$(inherited)",
				);
				GCC_WARN_64_TO_32_BIT_CONVERSION = YES;
				GCC_WARN_ABOUT_RETURN_TYPE = YES_ERROR;
				GCC_WARN_UNDECLARED_SELECTOR = YES;
				GCC_WARN_UNINITIALIZED_AUTOS = YES_AGGRESSIVE;
				GCC_WARN_UNUSED_FUNCTION = YES;
				GCC_WARN_UNUSED_VARIABLE = YES;
				IPHONEOS_DEPLOYMENT_TARGET = 15.5;
				MTL_ENABLE_DEBUG_INFO = INCLUDE_SOURCE;
				MTL_FAST_MATH = YES;
				ONLY_ACTIVE_ARCH = YES;
				SDKROOT = iphoneos;
				SWIFT_ACTIVE_COMPILATION_CONDITIONS = DEBUG;
				SWIFT_OPTIMIZATION_LEVEL = "-Onone";
			};
			name = Debug;
		};
		4F7F5909288E5AE600138DF2 /* Release */ = {
			isa = XCBuildConfiguration;
			buildSettings = {
				ALWAYS_SEARCH_USER_PATHS = NO;
				CLANG_ANALYZER_NONNULL = YES;
				CLANG_ANALYZER_NUMBER_OBJECT_CONVERSION = YES_AGGRESSIVE;
				CLANG_CXX_LANGUAGE_STANDARD = "gnu++17";
				CLANG_ENABLE_MODULES = YES;
				CLANG_ENABLE_OBJC_ARC = YES;
				CLANG_ENABLE_OBJC_WEAK = YES;
				CLANG_WARN_BLOCK_CAPTURE_AUTORELEASING = YES;
				CLANG_WARN_BOOL_CONVERSION = YES;
				CLANG_WARN_COMMA = YES;
				CLANG_WARN_CONSTANT_CONVERSION = YES;
				CLANG_WARN_DEPRECATED_OBJC_IMPLEMENTATIONS = YES;
				CLANG_WARN_DIRECT_OBJC_ISA_USAGE = YES_ERROR;
				CLANG_WARN_DOCUMENTATION_COMMENTS = YES;
				CLANG_WARN_EMPTY_BODY = YES;
				CLANG_WARN_ENUM_CONVERSION = YES;
				CLANG_WARN_INFINITE_RECURSION = YES;
				CLANG_WARN_INT_CONVERSION = YES;
				CLANG_WARN_NON_LITERAL_NULL_CONVERSION = YES;
				CLANG_WARN_OBJC_IMPLICIT_RETAIN_SELF = YES;
				CLANG_WARN_OBJC_LITERAL_CONVERSION = YES;
				CLANG_WARN_OBJC_ROOT_CLASS = YES_ERROR;
				CLANG_WARN_QUOTED_INCLUDE_IN_FRAMEWORK_HEADER = YES;
				CLANG_WARN_RANGE_LOOP_ANALYSIS = YES;
				CLANG_WARN_STRICT_PROTOTYPES = YES;
				CLANG_WARN_SUSPICIOUS_MOVE = YES;
				CLANG_WARN_UNGUARDED_AVAILABILITY = YES_AGGRESSIVE;
				CLANG_WARN_UNREACHABLE_CODE = YES;
				CLANG_WARN__DUPLICATE_METHOD_MATCH = YES;
				COPY_PHASE_STRIP = NO;
				DEBUG_INFORMATION_FORMAT = "dwarf-with-dsym";
				ENABLE_NS_ASSERTIONS = NO;
				ENABLE_STRICT_OBJC_MSGSEND = YES;
				GCC_C_LANGUAGE_STANDARD = gnu11;
				GCC_NO_COMMON_BLOCKS = YES;
				GCC_WARN_64_TO_32_BIT_CONVERSION = YES;
				GCC_WARN_ABOUT_RETURN_TYPE = YES_ERROR;
				GCC_WARN_UNDECLARED_SELECTOR = YES;
				GCC_WARN_UNINITIALIZED_AUTOS = YES_AGGRESSIVE;
				GCC_WARN_UNUSED_FUNCTION = YES;
				GCC_WARN_UNUSED_VARIABLE = YES;
				IPHONEOS_DEPLOYMENT_TARGET = 15.5;
				MTL_ENABLE_DEBUG_INFO = NO;
				MTL_FAST_MATH = YES;
				SDKROOT = iphoneos;
				SWIFT_COMPILATION_MODE = wholemodule;
				SWIFT_OPTIMIZATION_LEVEL = "-O";
				VALIDATE_PRODUCT = YES;
			};
			name = Release;
		};
		4F7F590B288E5AE600138DF2 /* Debug */ = {
			isa = XCBuildConfiguration;
			buildSettings = {
				ASSETCATALOG_COMPILER_APPICON_NAME = AppIcon;
				ASSETCATALOG_COMPILER_GLOBAL_ACCENT_COLOR_NAME = AccentColor;
				CODE_SIGN_STYLE = Automatic;
				CURRENT_PROJECT_VERSION = 1;
				DEVELOPMENT_TEAM = YY78XVR2DH;
				GENERATE_INFOPLIST_FILE = YES;
				INFOPLIST_FILE = Navigation/Info.plist;
				INFOPLIST_KEY_UIApplicationSupportsIndirectInputEvents = YES;
				INFOPLIST_KEY_UILaunchStoryboardName = LaunchScreen;
				INFOPLIST_KEY_UISupportedInterfaceOrientations_iPad = "UIInterfaceOrientationPortrait UIInterfaceOrientationPortraitUpsideDown UIInterfaceOrientationLandscapeLeft UIInterfaceOrientationLandscapeRight";
				INFOPLIST_KEY_UISupportedInterfaceOrientations_iPhone = "UIInterfaceOrientationPortrait UIInterfaceOrientationLandscapeLeft UIInterfaceOrientationLandscapeRight";
				LD_RUNPATH_SEARCH_PATHS = (
					"$(inherited)",
					"@executable_path/Frameworks",
				);
				MARKETING_VERSION = 1.0;
				PRODUCT_BUNDLE_IDENTIFIER = Kiryl.Navigation;
				PRODUCT_NAME = "$(TARGET_NAME)";
				SWIFT_EMIT_LOC_STRINGS = YES;
				SWIFT_VERSION = 5.0;
				TARGETED_DEVICE_FAMILY = "1,2";
			};
			name = Debug;
		};
		4F7F590C288E5AE600138DF2 /* Release */ = {
			isa = XCBuildConfiguration;
			buildSettings = {
				ASSETCATALOG_COMPILER_APPICON_NAME = AppIcon;
				ASSETCATALOG_COMPILER_GLOBAL_ACCENT_COLOR_NAME = AccentColor;
				CODE_SIGN_STYLE = Automatic;
				CURRENT_PROJECT_VERSION = 1;
				DEVELOPMENT_TEAM = YY78XVR2DH;
				GENERATE_INFOPLIST_FILE = YES;
				INFOPLIST_FILE = Navigation/Info.plist;
				INFOPLIST_KEY_UIApplicationSupportsIndirectInputEvents = YES;
				INFOPLIST_KEY_UILaunchStoryboardName = LaunchScreen;
				INFOPLIST_KEY_UISupportedInterfaceOrientations_iPad = "UIInterfaceOrientationPortrait UIInterfaceOrientationPortraitUpsideDown UIInterfaceOrientationLandscapeLeft UIInterfaceOrientationLandscapeRight";
				INFOPLIST_KEY_UISupportedInterfaceOrientations_iPhone = "UIInterfaceOrientationPortrait UIInterfaceOrientationLandscapeLeft UIInterfaceOrientationLandscapeRight";
				LD_RUNPATH_SEARCH_PATHS = (
					"$(inherited)",
					"@executable_path/Frameworks",
				);
				MARKETING_VERSION = 1.0;
				PRODUCT_BUNDLE_IDENTIFIER = Kiryl.Navigation;
				PRODUCT_NAME = "$(TARGET_NAME)";
				SWIFT_EMIT_LOC_STRINGS = YES;
				SWIFT_VERSION = 5.0;
				TARGETED_DEVICE_FAMILY = "1,2";
			};
			name = Release;
		};
/* End XCBuildConfiguration section */

/* Begin XCConfigurationList section */
		145D9C8E28CECB05008B2665 /* Build configuration list for PBXNativeTarget "StorageService" */ = {
			isa = XCConfigurationList;
			buildConfigurations = (
				145D9C8A28CECB05008B2665 /* Debug */,
				145D9C8B28CECB05008B2665 /* Release */,
			);
			defaultConfigurationIsVisible = 0;
			defaultConfigurationName = Release;
		};
		145D9C8F28CECB05008B2665 /* Build configuration list for PBXNativeTarget "StorageServiceTests" */ = {
			isa = XCConfigurationList;
			buildConfigurations = (
				145D9C8C28CECB05008B2665 /* Debug */,
				145D9C8D28CECB05008B2665 /* Release */,
			);
			defaultConfigurationIsVisible = 0;
			defaultConfigurationName = Release;
		};
		4F7F58F1288E5AE400138DF2 /* Build configuration list for PBXProject "Navigation" */ = {
			isa = XCConfigurationList;
			buildConfigurations = (
				4F7F5908288E5AE600138DF2 /* Debug */,
				4F7F5909288E5AE600138DF2 /* Release */,
			);
			defaultConfigurationIsVisible = 0;
			defaultConfigurationName = Release;
		};
		4F7F590A288E5AE600138DF2 /* Build configuration list for PBXNativeTarget "Navigation" */ = {
			isa = XCConfigurationList;
			buildConfigurations = (
				4F7F590B288E5AE600138DF2 /* Debug */,
				4F7F590C288E5AE600138DF2 /* Release */,
			);
			defaultConfigurationIsVisible = 0;
			defaultConfigurationName = Release;
		};
/* End XCConfigurationList section */

/* Begin XCRemoteSwiftPackageReference section */
		1415DDDB28F65B9800433703 /* XCRemoteSwiftPackageReference "iOSIntPackage" */ = {
			isa = XCRemoteSwiftPackageReference;
			repositoryURL = "https://github.com/TrueMax/iOSIntPackage.git";
			requirement = {
				kind = exactVersion;
				version = 3.2.3;
			};
		};
/* End XCRemoteSwiftPackageReference section */

/* Begin XCSwiftPackageProductDependency section */
		1415DDDC28F65B9800433703 /* iOSIntPackage */ = {
			isa = XCSwiftPackageProductDependency;
			package = 1415DDDB28F65B9800433703 /* XCRemoteSwiftPackageReference "iOSIntPackage" */;
			productName = iOSIntPackage;
		};
/* End XCSwiftPackageProductDependency section */
	};
	rootObject = 4F7F58EE288E5AE400138DF2 /* Project object */;
}
