// !$*UTF8*$!
{
	archiveVersion = 1;
	classes = {
	};
	objectVersion = 55;
	objects = {

/* Begin PBXBuildFile section */
		14103469292F44300081FB25 /* KeychainAccess in Frameworks */ = {isa = PBXBuildFile; productRef = 14103468292F44300081FB25 /* KeychainAccess */; };
		1415DDA028F292B800433703 /* Coordinator.swift in Sources */ = {isa = PBXBuildFile; fileRef = 1415DD9F28F292B800433703 /* Coordinator.swift */; };
		1415DDA228F292C900433703 /* ApplicationCoordinator.swift in Sources */ = {isa = PBXBuildFile; fileRef = 1415DDA128F292C900433703 /* ApplicationCoordinator.swift */; };
		1415DDAB28F5063B00433703 /* MainCoordinator.swift in Sources */ = {isa = PBXBuildFile; fileRef = 1415DDAA28F5063B00433703 /* MainCoordinator.swift */; };
		1415DDAD28F50B0100433703 /* HomeTabCoordinator.swift in Sources */ = {isa = PBXBuildFile; fileRef = 1415DDAC28F50B0100433703 /* HomeTabCoordinator.swift */; };
		1415DDAF28F50B1200433703 /* ProfileTabCoordinator.swift in Sources */ = {isa = PBXBuildFile; fileRef = 1415DDAE28F50B1200433703 /* ProfileTabCoordinator.swift */; };
		1415DDCE28F5583800433703 /* ProfileViewModel.swift in Sources */ = {isa = PBXBuildFile; fileRef = 1415DDCD28F5583800433703 /* ProfileViewModel.swift */; };
		142177A529BAB8DC000B2BE1 /* PopupMenu.swift in Sources */ = {isa = PBXBuildFile; fileRef = 142177A429BAB8DC000B2BE1 /* PopupMenu.swift */; };
		142177A829BACF8D000B2BE1 /* PopupMenuCell.swift in Sources */ = {isa = PBXBuildFile; fileRef = 142177A729BACF8D000B2BE1 /* PopupMenuCell.swift */; };
		142177AE29BAEF19000B2BE1 /* EditMenuViewController.swift in Sources */ = {isa = PBXBuildFile; fileRef = 142177AD29BAEF19000B2BE1 /* EditMenuViewController.swift */; };
		142177B029BD75DB000B2BE1 /* AlbomCell.swift in Sources */ = {isa = PBXBuildFile; fileRef = 142177AF29BD75DB000B2BE1 /* AlbomCell.swift */; };
		142177B629C01750000B2BE1 /* SideMenuTableCell.swift in Sources */ = {isa = PBXBuildFile; fileRef = 142177B529C01750000B2BE1 /* SideMenuTableCell.swift */; };
		142177B829C03337000B2BE1 /* PostViewController.swift in Sources */ = {isa = PBXBuildFile; fileRef = 142177B729C03337000B2BE1 /* PostViewController.swift */; };
		142177BC29C03FD5000B2BE1 /* PostHeader.swift in Sources */ = {isa = PBXBuildFile; fileRef = 142177BB29C03FD5000B2BE1 /* PostHeader.swift */; };
		142177C129C05722000B2BE1 /* PostCommentsCell.swift in Sources */ = {isa = PBXBuildFile; fileRef = 142177C029C05722000B2BE1 /* PostCommentsCell.swift */; };
		142177C329C17836000B2BE1 /* SideMenuView.swift in Sources */ = {isa = PBXBuildFile; fileRef = 142177C229C17836000B2BE1 /* SideMenuView.swift */; };
		142177C529C1F6EE000B2BE1 /* SideInfoTableCell.swift in Sources */ = {isa = PBXBuildFile; fileRef = 142177C429C1F6EE000B2BE1 /* SideInfoTableCell.swift */; };
		142177C729C3FDFC000B2BE1 /* SideMenuModel.swift in Sources */ = {isa = PBXBuildFile; fileRef = 142177C629C3FDFC000B2BE1 /* SideMenuModel.swift */; };
		142177C929C4016A000B2BE1 /* DrawerView.swift in Sources */ = {isa = PBXBuildFile; fileRef = 142177C829C4016A000B2BE1 /* DrawerView.swift */; };
		144DC27C29810A6500CEF819 /* AppDelegate.swift in Sources */ = {isa = PBXBuildFile; fileRef = 4F7F58F9288E5AE400138DF2 /* AppDelegate.swift */; };
		14673AF52918C148006FEC03 /* SnapKit in Frameworks */ = {isa = PBXBuildFile; productRef = 14673AF42918C148006FEC03 /* SnapKit */; };
		1485A2A42983C76D006B9045 /* LikeHelper.swift in Sources */ = {isa = PBXBuildFile; fileRef = 1485A2A32983C76D006B9045 /* LikeHelper.swift */; };
		148618CE29AF24D9004C6D98 /* Inter-Medium.ttf in Resources */ = {isa = PBXBuildFile; fileRef = 148618C529AF24D9004C6D98 /* Inter-Medium.ttf */; };
		148618D129AF24D9004C6D98 /* Inter-Light.ttf in Resources */ = {isa = PBXBuildFile; fileRef = 148618C629AF24D9004C6D98 /* Inter-Light.ttf */; };
		148618D429AF24D9004C6D98 /* Inter-Thin.ttf in Resources */ = {isa = PBXBuildFile; fileRef = 148618C729AF24D9004C6D98 /* Inter-Thin.ttf */; };
		148618D729AF24D9004C6D98 /* Inter-Bold.ttf in Resources */ = {isa = PBXBuildFile; fileRef = 148618C829AF24D9004C6D98 /* Inter-Bold.ttf */; };
		148618DA29AF24D9004C6D98 /* Inter-Regular.ttf in Resources */ = {isa = PBXBuildFile; fileRef = 148618C929AF24D9004C6D98 /* Inter-Regular.ttf */; };
		148618DD29AF24D9004C6D98 /* Inter-ExtraBold.ttf in Resources */ = {isa = PBXBuildFile; fileRef = 148618CA29AF24D9004C6D98 /* Inter-ExtraBold.ttf */; };
		148618E029AF24D9004C6D98 /* Inter-ExtraLight.ttf in Resources */ = {isa = PBXBuildFile; fileRef = 148618CB29AF24D9004C6D98 /* Inter-ExtraLight.ttf */; };
		148618E329AF24D9004C6D98 /* Inter-Black.ttf in Resources */ = {isa = PBXBuildFile; fileRef = 148618CC29AF24D9004C6D98 /* Inter-Black.ttf */; };
		148618E629AF24D9004C6D98 /* Inter-SemiBold.ttf in Resources */ = {isa = PBXBuildFile; fileRef = 148618CD29AF24D9004C6D98 /* Inter-SemiBold.ttf */; };
		148618EA29B06977004C6D98 /* AlbomsViewController.swift in Sources */ = {isa = PBXBuildFile; fileRef = 148618E929B06977004C6D98 /* AlbomsViewController.swift */; };
		148618EE29B06D83004C6D98 /* AlbomsTableHeader.swift in Sources */ = {isa = PBXBuildFile; fileRef = 148618ED29B06D83004C6D98 /* AlbomsTableHeader.swift */; };
		148618F229B06D93004C6D98 /* AllPhotosTableViewCell.swift in Sources */ = {isa = PBXBuildFile; fileRef = 148618F129B06D93004C6D98 /* AllPhotosTableViewCell.swift */; };
		148618F629B1A149004C6D98 /* MenuBar+FirendsBar.swift in Sources */ = {isa = PBXBuildFile; fileRef = 148618F529B1A149004C6D98 /* MenuBar+FirendsBar.swift */; };
		148618FA29B1B1C5004C6D98 /* MenuBarCell.swift in Sources */ = {isa = PBXBuildFile; fileRef = 148618F929B1B1C5004C6D98 /* MenuBarCell.swift */; };
		148618FE29B56C64004C6D98 /* HomeCollectionCell.swift in Sources */ = {isa = PBXBuildFile; fileRef = 148618FD29B56C64004C6D98 /* HomeCollectionCell.swift */; };
		1486190229B57699004C6D98 /* MainPostsCell.swift in Sources */ = {isa = PBXBuildFile; fileRef = 1486190129B57699004C6D98 /* MainPostsCell.swift */; };
		1486190629B57E40004C6D98 /* FriendsBarCell.swift in Sources */ = {isa = PBXBuildFile; fileRef = 1486190529B57E40004C6D98 /* FriendsBarCell.swift */; };
		1486190829B58948004C6D98 /* AccountModel.swift in Sources */ = {isa = PBXBuildFile; fileRef = 1486190729B58948004C6D98 /* AccountModel.swift */; };
		1486190A29B6CF8D004C6D98 /* ProfileHeaderCollection.swift in Sources */ = {isa = PBXBuildFile; fileRef = 1486190929B6CF8D004C6D98 /* ProfileHeaderCollection.swift */; };
		1499160B2988F03B00404BBC /* LocalNotificationsService.swift in Sources */ = {isa = PBXBuildFile; fileRef = 1499160A2988F03B00404BBC /* LocalNotificationsService.swift */; };
		14C8A47A296422D000F54E73 /* Localizable.strings in Resources */ = {isa = PBXBuildFile; fileRef = 14C8A47C296422D000F54E73 /* Localizable.strings */; };
		14C8A48029642D6E00F54E73 /* Localizable.stringsdict in Resources */ = {isa = PBXBuildFile; fileRef = 14C8A48229642D6E00F54E73 /* Localizable.stringsdict */; };
		14D07A7A29C7440B000A80EC /* FriendProfileHeaderCollection.swift in Sources */ = {isa = PBXBuildFile; fileRef = 14D07A7929C7440B000A80EC /* FriendProfileHeaderCollection.swift */; };
		14E76B7C29815D8800B50E59 /* RealmSwift in Frameworks */ = {isa = PBXBuildFile; productRef = 14E76B7B29815D8800B50E59 /* RealmSwift */; };
		14F5C51829399F200034CE9B /* LikeCoordinator.swift in Sources */ = {isa = PBXBuildFile; fileRef = 14F5C51729399F200034CE9B /* LikeCoordinator.swift */; };
		14F5C5402939AB110034CE9B /* CoreDataManager.swift in Sources */ = {isa = PBXBuildFile; fileRef = 14F5C53F2939AB110034CE9B /* CoreDataManager.swift */; };
		14F5C5432939ABBF0034CE9B /* PostCoreData.xcdatamodeld in Sources */ = {isa = PBXBuildFile; fileRef = 14F5C5412939ABBF0034CE9B /* PostCoreData.xcdatamodeld */; };
		14FBC31D28E1795300D41C4C /* LogInModel.swift in Sources */ = {isa = PBXBuildFile; fileRef = 14FBC31C28E1795300D41C4C /* LogInModel.swift */; };
		14FC7E0A29D0076600086ED2 /* LikeViewController.swift in Sources */ = {isa = PBXBuildFile; fileRef = 14FC7E0929D0076600086ED2 /* LikeViewController.swift */; };
		14FC7E0C29D0284000086ED2 /* LikeVCell.swift in Sources */ = {isa = PBXBuildFile; fileRef = 14FC7E0B29D0284000086ED2 /* LikeVCell.swift */; };
		14FC7E0E29D296A400086ED2 /* LogInViewController.swift in Sources */ = {isa = PBXBuildFile; fileRef = 14FC7E0D29D296A400086ED2 /* LogInViewController.swift */; };
		14FC7E1029D29BA100086ED2 /* RegistrationViewController.swift in Sources */ = {isa = PBXBuildFile; fileRef = 14FC7E0F29D29BA100086ED2 /* RegistrationViewController.swift */; };
		14FC7E1229D2AAB100086ED2 /* AuthViewController.swift in Sources */ = {isa = PBXBuildFile; fileRef = 14FC7E1129D2AAB100086ED2 /* AuthViewController.swift */; };
		14FC7E1429D2B67800086ED2 /* SMSViewController.swift in Sources */ = {isa = PBXBuildFile; fileRef = 14FC7E1329D2B67800086ED2 /* SMSViewController.swift */; };
		14FC7E1629D2E9C000086ED2 /* GoogleService-Info.plist in Resources */ = {isa = PBXBuildFile; fileRef = 14FC7E1529D2E9C000086ED2 /* GoogleService-Info.plist */; };
		14FC7E2429D2EDE200086ED2 /* AuthManager.swift in Sources */ = {isa = PBXBuildFile; fileRef = 14FC7E2329D2EDE200086ED2 /* AuthManager.swift */; };
		14FC7E2629D3064900086ED2 /* LoginCoordinator.swift in Sources */ = {isa = PBXBuildFile; fileRef = 14FC7E2529D3064900086ED2 /* LoginCoordinator.swift */; };
		14FC7E2929D3E64900086ED2 /* FirebaseAnalytics in Frameworks */ = {isa = PBXBuildFile; productRef = 14FC7E2829D3E64900086ED2 /* FirebaseAnalytics */; };
		14FC7E2B29D3E64900086ED2 /* FirebaseAuth in Frameworks */ = {isa = PBXBuildFile; productRef = 14FC7E2A29D3E64900086ED2 /* FirebaseAuth */; };
		4F40773028ACA6DD0040E680 /* PhotosView.swift in Sources */ = {isa = PBXBuildFile; fileRef = 4F40772F28ACA6DD0040E680 /* PhotosView.swift */; };
		4F40773228AD1B5C0040E680 /* Photos.swift in Sources */ = {isa = PBXBuildFile; fileRef = 4F40773128AD1B5C0040E680 /* Photos.swift */; };
		4F40773428ADF1D70040E680 /* PhotosViewController.swift in Sources */ = {isa = PBXBuildFile; fileRef = 4F40773328ADF1D70040E680 /* PhotosViewController.swift */; };
		4F40773828AE0E6F0040E680 /* PhotosCollectionViewCell.swift in Sources */ = {isa = PBXBuildFile; fileRef = 4F40773728AE0E6F0040E680 /* PhotosCollectionViewCell.swift */; };
		4F7F58FC288E5AE400138DF2 /* SceneDelegate.swift in Sources */ = {isa = PBXBuildFile; fileRef = 4F7F58FB288E5AE400138DF2 /* SceneDelegate.swift */; };
		4F7F5903288E5AE600138DF2 /* Assets.xcassets in Resources */ = {isa = PBXBuildFile; fileRef = 4F7F5902288E5AE600138DF2 /* Assets.xcassets */; };
		4F7F5906288E5AE600138DF2 /* LaunchScreen.storyboard in Resources */ = {isa = PBXBuildFile; fileRef = 4F7F5904288E5AE600138DF2 /* LaunchScreen.storyboard */; };
		4F7F590E288EC1EA00138DF2 /* HomeViewController.swift in Sources */ = {isa = PBXBuildFile; fileRef = 4F7F590D288EC1EA00138DF2 /* HomeViewController.swift */; };
		4F7F5910288EC1F800138DF2 /* ProfileViewController.swift in Sources */ = {isa = PBXBuildFile; fileRef = 4F7F590F288EC1F800138DF2 /* ProfileViewController.swift */; };
/* End PBXBuildFile section */

/* Begin PBXCopyFilesBuildPhase section */
		145D9C8928CECB05008B2665 /* Embed Frameworks */ = {
			isa = PBXCopyFilesBuildPhase;
			buildActionMask = 2147483647;
			dstPath = "";
			dstSubfolderSpec = 10;
			files = (
			);
			name = "Embed Frameworks";
			runOnlyForDeploymentPostprocessing = 0;
		};
/* End PBXCopyFilesBuildPhase section */

/* Begin PBXFileReference section */
		1415DD9F28F292B800433703 /* Coordinator.swift */ = {isa = PBXFileReference; lastKnownFileType = sourcecode.swift; path = Coordinator.swift; sourceTree = "<group>"; };
		1415DDA128F292C900433703 /* ApplicationCoordinator.swift */ = {isa = PBXFileReference; lastKnownFileType = sourcecode.swift; path = ApplicationCoordinator.swift; sourceTree = "<group>"; };
		1415DDAA28F5063B00433703 /* MainCoordinator.swift */ = {isa = PBXFileReference; lastKnownFileType = sourcecode.swift; path = MainCoordinator.swift; sourceTree = "<group>"; };
		1415DDAC28F50B0100433703 /* HomeTabCoordinator.swift */ = {isa = PBXFileReference; lastKnownFileType = sourcecode.swift; path = HomeTabCoordinator.swift; sourceTree = "<group>"; };
		1415DDAE28F50B1200433703 /* ProfileTabCoordinator.swift */ = {isa = PBXFileReference; lastKnownFileType = sourcecode.swift; path = ProfileTabCoordinator.swift; sourceTree = "<group>"; };
		1415DDCD28F5583800433703 /* ProfileViewModel.swift */ = {isa = PBXFileReference; lastKnownFileType = sourcecode.swift; path = ProfileViewModel.swift; sourceTree = "<group>"; };
		142177A429BAB8DC000B2BE1 /* PopupMenu.swift */ = {isa = PBXFileReference; lastKnownFileType = sourcecode.swift; path = PopupMenu.swift; sourceTree = "<group>"; };
		142177A729BACF8D000B2BE1 /* PopupMenuCell.swift */ = {isa = PBXFileReference; lastKnownFileType = sourcecode.swift; path = PopupMenuCell.swift; sourceTree = "<group>"; };
		142177AD29BAEF19000B2BE1 /* EditMenuViewController.swift */ = {isa = PBXFileReference; lastKnownFileType = sourcecode.swift; path = EditMenuViewController.swift; sourceTree = "<group>"; };
		142177AF29BD75DB000B2BE1 /* AlbomCell.swift */ = {isa = PBXFileReference; lastKnownFileType = sourcecode.swift; path = AlbomCell.swift; sourceTree = "<group>"; };
		142177B529C01750000B2BE1 /* SideMenuTableCell.swift */ = {isa = PBXFileReference; lastKnownFileType = sourcecode.swift; path = SideMenuTableCell.swift; sourceTree = "<group>"; };
		142177B729C03337000B2BE1 /* PostViewController.swift */ = {isa = PBXFileReference; lastKnownFileType = sourcecode.swift; path = PostViewController.swift; sourceTree = "<group>"; };
		142177BB29C03FD5000B2BE1 /* PostHeader.swift */ = {isa = PBXFileReference; lastKnownFileType = sourcecode.swift; path = PostHeader.swift; sourceTree = "<group>"; };
		142177C029C05722000B2BE1 /* PostCommentsCell.swift */ = {isa = PBXFileReference; lastKnownFileType = sourcecode.swift; path = PostCommentsCell.swift; sourceTree = "<group>"; };
		142177C229C17836000B2BE1 /* SideMenuView.swift */ = {isa = PBXFileReference; lastKnownFileType = sourcecode.swift; path = SideMenuView.swift; sourceTree = "<group>"; };
		142177C429C1F6EE000B2BE1 /* SideInfoTableCell.swift */ = {isa = PBXFileReference; lastKnownFileType = sourcecode.swift; path = SideInfoTableCell.swift; sourceTree = "<group>"; };
		142177C629C3FDFC000B2BE1 /* SideMenuModel.swift */ = {isa = PBXFileReference; lastKnownFileType = sourcecode.swift; path = SideMenuModel.swift; sourceTree = "<group>"; };
		142177C829C4016A000B2BE1 /* DrawerView.swift */ = {isa = PBXFileReference; lastKnownFileType = sourcecode.swift; path = DrawerView.swift; sourceTree = "<group>"; };
		1485A2A32983C76D006B9045 /* LikeHelper.swift */ = {isa = PBXFileReference; lastKnownFileType = sourcecode.swift; path = LikeHelper.swift; sourceTree = "<group>"; };
		148618C529AF24D9004C6D98 /* Inter-Medium.ttf */ = {isa = PBXFileReference; lastKnownFileType = file; path = "Inter-Medium.ttf"; sourceTree = "<group>"; };
		148618C629AF24D9004C6D98 /* Inter-Light.ttf */ = {isa = PBXFileReference; lastKnownFileType = file; path = "Inter-Light.ttf"; sourceTree = "<group>"; };
		148618C729AF24D9004C6D98 /* Inter-Thin.ttf */ = {isa = PBXFileReference; lastKnownFileType = file; path = "Inter-Thin.ttf"; sourceTree = "<group>"; };
		148618C829AF24D9004C6D98 /* Inter-Bold.ttf */ = {isa = PBXFileReference; lastKnownFileType = file; path = "Inter-Bold.ttf"; sourceTree = "<group>"; };
		148618C929AF24D9004C6D98 /* Inter-Regular.ttf */ = {isa = PBXFileReference; lastKnownFileType = file; path = "Inter-Regular.ttf"; sourceTree = "<group>"; };
		148618CA29AF24D9004C6D98 /* Inter-ExtraBold.ttf */ = {isa = PBXFileReference; lastKnownFileType = file; path = "Inter-ExtraBold.ttf"; sourceTree = "<group>"; };
		148618CB29AF24D9004C6D98 /* Inter-ExtraLight.ttf */ = {isa = PBXFileReference; lastKnownFileType = file; path = "Inter-ExtraLight.ttf"; sourceTree = "<group>"; };
		148618CC29AF24D9004C6D98 /* Inter-Black.ttf */ = {isa = PBXFileReference; lastKnownFileType = file; path = "Inter-Black.ttf"; sourceTree = "<group>"; };
		148618CD29AF24D9004C6D98 /* Inter-SemiBold.ttf */ = {isa = PBXFileReference; lastKnownFileType = file; path = "Inter-SemiBold.ttf"; sourceTree = "<group>"; };
		148618E929B06977004C6D98 /* AlbomsViewController.swift */ = {isa = PBXFileReference; lastKnownFileType = sourcecode.swift; path = AlbomsViewController.swift; sourceTree = "<group>"; };
		148618ED29B06D83004C6D98 /* AlbomsTableHeader.swift */ = {isa = PBXFileReference; lastKnownFileType = sourcecode.swift; path = AlbomsTableHeader.swift; sourceTree = "<group>"; };
		148618F129B06D93004C6D98 /* AllPhotosTableViewCell.swift */ = {isa = PBXFileReference; lastKnownFileType = sourcecode.swift; path = AllPhotosTableViewCell.swift; sourceTree = "<group>"; };
		148618F529B1A149004C6D98 /* MenuBar+FirendsBar.swift */ = {isa = PBXFileReference; lastKnownFileType = sourcecode.swift; path = "MenuBar+FirendsBar.swift"; sourceTree = "<group>"; };
		148618F929B1B1C5004C6D98 /* MenuBarCell.swift */ = {isa = PBXFileReference; lastKnownFileType = sourcecode.swift; path = MenuBarCell.swift; sourceTree = "<group>"; };
		148618FD29B56C64004C6D98 /* HomeCollectionCell.swift */ = {isa = PBXFileReference; lastKnownFileType = sourcecode.swift; path = HomeCollectionCell.swift; sourceTree = "<group>"; };
		1486190129B57699004C6D98 /* MainPostsCell.swift */ = {isa = PBXFileReference; lastKnownFileType = sourcecode.swift; path = MainPostsCell.swift; sourceTree = "<group>"; };
		1486190529B57E40004C6D98 /* FriendsBarCell.swift */ = {isa = PBXFileReference; lastKnownFileType = sourcecode.swift; path = FriendsBarCell.swift; sourceTree = "<group>"; };
		1486190729B58948004C6D98 /* AccountModel.swift */ = {isa = PBXFileReference; lastKnownFileType = sourcecode.swift; path = AccountModel.swift; sourceTree = "<group>"; };
		1486190929B6CF8D004C6D98 /* ProfileHeaderCollection.swift */ = {isa = PBXFileReference; lastKnownFileType = sourcecode.swift; path = ProfileHeaderCollection.swift; sourceTree = "<group>"; };
		1499160A2988F03B00404BBC /* LocalNotificationsService.swift */ = {isa = PBXFileReference; lastKnownFileType = sourcecode.swift; path = LocalNotificationsService.swift; sourceTree = "<group>"; };
		14C8A479296422C800F54E73 /* ru */ = {isa = PBXFileReference; lastKnownFileType = text.plist.strings; name = ru; path = ru.lproj/LaunchScreen.strings; sourceTree = "<group>"; };
		14C8A47B296422D000F54E73 /* en */ = {isa = PBXFileReference; lastKnownFileType = text.plist.strings; name = en; path = en.lproj/Localizable.strings; sourceTree = "<group>"; };
		14C8A47D296422D300F54E73 /* ru */ = {isa = PBXFileReference; lastKnownFileType = text.plist.strings; name = ru; path = ru.lproj/Localizable.strings; sourceTree = "<group>"; };
		14C8A48129642D6E00F54E73 /* en */ = {isa = PBXFileReference; lastKnownFileType = text.plist.stringsdict; name = en; path = en.lproj/Localizable.stringsdict; sourceTree = "<group>"; };
		14C8A48329642D7200F54E73 /* ru */ = {isa = PBXFileReference; lastKnownFileType = text.plist.stringsdict; name = ru; path = ru.lproj/Localizable.stringsdict; sourceTree = "<group>"; };
		14D07A7929C7440B000A80EC /* FriendProfileHeaderCollection.swift */ = {isa = PBXFileReference; lastKnownFileType = sourcecode.swift; path = FriendProfileHeaderCollection.swift; sourceTree = "<group>"; };
		14F5C51729399F200034CE9B /* LikeCoordinator.swift */ = {isa = PBXFileReference; lastKnownFileType = sourcecode.swift; path = LikeCoordinator.swift; sourceTree = "<group>"; };
		14F5C53F2939AB110034CE9B /* CoreDataManager.swift */ = {isa = PBXFileReference; lastKnownFileType = sourcecode.swift; path = CoreDataManager.swift; sourceTree = "<group>"; };
		14F5C5422939ABBF0034CE9B /* PostCoreData.xcdatamodel */ = {isa = PBXFileReference; lastKnownFileType = wrapper.xcdatamodel; path = PostCoreData.xcdatamodel; sourceTree = "<group>"; };
		14FBC31C28E1795300D41C4C /* LogInModel.swift */ = {isa = PBXFileReference; lastKnownFileType = sourcecode.swift; path = LogInModel.swift; sourceTree = "<group>"; };
		14FC7E0929D0076600086ED2 /* LikeViewController.swift */ = {isa = PBXFileReference; lastKnownFileType = sourcecode.swift; path = LikeViewController.swift; sourceTree = "<group>"; };
		14FC7E0B29D0284000086ED2 /* LikeVCell.swift */ = {isa = PBXFileReference; lastKnownFileType = sourcecode.swift; path = LikeVCell.swift; sourceTree = "<group>"; };
		14FC7E0D29D296A400086ED2 /* LogInViewController.swift */ = {isa = PBXFileReference; lastKnownFileType = sourcecode.swift; path = LogInViewController.swift; sourceTree = "<group>"; };
		14FC7E0F29D29BA100086ED2 /* RegistrationViewController.swift */ = {isa = PBXFileReference; lastKnownFileType = sourcecode.swift; path = RegistrationViewController.swift; sourceTree = "<group>"; };
		14FC7E1129D2AAB100086ED2 /* AuthViewController.swift */ = {isa = PBXFileReference; lastKnownFileType = sourcecode.swift; path = AuthViewController.swift; sourceTree = "<group>"; };
		14FC7E1329D2B67800086ED2 /* SMSViewController.swift */ = {isa = PBXFileReference; lastKnownFileType = sourcecode.swift; path = SMSViewController.swift; sourceTree = "<group>"; };
		14FC7E1529D2E9C000086ED2 /* GoogleService-Info.plist */ = {isa = PBXFileReference; fileEncoding = 4; lastKnownFileType = text.plist.xml; path = "GoogleService-Info.plist"; sourceTree = "<group>"; };
		14FC7E2329D2EDE200086ED2 /* AuthManager.swift */ = {isa = PBXFileReference; lastKnownFileType = sourcecode.swift; path = AuthManager.swift; sourceTree = "<group>"; };
		14FC7E2529D3064900086ED2 /* LoginCoordinator.swift */ = {isa = PBXFileReference; lastKnownFileType = sourcecode.swift; path = LoginCoordinator.swift; sourceTree = "<group>"; };
		4F40772F28ACA6DD0040E680 /* PhotosView.swift */ = {isa = PBXFileReference; lastKnownFileType = sourcecode.swift; path = PhotosView.swift; sourceTree = "<group>"; };
		4F40773128AD1B5C0040E680 /* Photos.swift */ = {isa = PBXFileReference; lastKnownFileType = sourcecode.swift; path = Photos.swift; sourceTree = "<group>"; };
		4F40773328ADF1D70040E680 /* PhotosViewController.swift */ = {isa = PBXFileReference; lastKnownFileType = sourcecode.swift; path = PhotosViewController.swift; sourceTree = "<group>"; };
		4F40773728AE0E6F0040E680 /* PhotosCollectionViewCell.swift */ = {isa = PBXFileReference; lastKnownFileType = sourcecode.swift; path = PhotosCollectionViewCell.swift; sourceTree = "<group>"; };
		4F7F58F6288E5AE400138DF2 /* Navigation.app */ = {isa = PBXFileReference; explicitFileType = wrapper.application; includeInIndex = 0; path = Navigation.app; sourceTree = BUILT_PRODUCTS_DIR; };
		4F7F58F9288E5AE400138DF2 /* AppDelegate.swift */ = {isa = PBXFileReference; lastKnownFileType = sourcecode.swift; path = AppDelegate.swift; sourceTree = "<group>"; };
		4F7F58FB288E5AE400138DF2 /* SceneDelegate.swift */ = {isa = PBXFileReference; lastKnownFileType = sourcecode.swift; path = SceneDelegate.swift; sourceTree = "<group>"; };
		4F7F5902288E5AE600138DF2 /* Assets.xcassets */ = {isa = PBXFileReference; lastKnownFileType = folder.assetcatalog; path = Assets.xcassets; sourceTree = "<group>"; };
		4F7F5905288E5AE600138DF2 /* Base */ = {isa = PBXFileReference; lastKnownFileType = file.storyboard; name = Base; path = Base.lproj/LaunchScreen.storyboard; sourceTree = "<group>"; };
		4F7F5907288E5AE600138DF2 /* Info.plist */ = {isa = PBXFileReference; lastKnownFileType = text.plist.xml; path = Info.plist; sourceTree = "<group>"; };
		4F7F590D288EC1EA00138DF2 /* HomeViewController.swift */ = {isa = PBXFileReference; lastKnownFileType = sourcecode.swift; path = HomeViewController.swift; sourceTree = "<group>"; };
		4F7F590F288EC1F800138DF2 /* ProfileViewController.swift */ = {isa = PBXFileReference; lastKnownFileType = sourcecode.swift; path = ProfileViewController.swift; sourceTree = "<group>"; };
/* End PBXFileReference section */

/* Begin PBXFrameworksBuildPhase section */
		4F7F58F3288E5AE400138DF2 /* Frameworks */ = {
			isa = PBXFrameworksBuildPhase;
			buildActionMask = 2147483647;
			files = (
				14E76B7C29815D8800B50E59 /* RealmSwift in Frameworks */,
				14FC7E2B29D3E64900086ED2 /* FirebaseAuth in Frameworks */,
				14673AF52918C148006FEC03 /* SnapKit in Frameworks */,
				14FC7E2929D3E64900086ED2 /* FirebaseAnalytics in Frameworks */,
				14103469292F44300081FB25 /* KeychainAccess in Frameworks */,
			);
			runOnlyForDeploymentPostprocessing = 0;
		};
/* End PBXFrameworksBuildPhase section */

/* Begin PBXGroup section */
		1415DD9E28F292A400433703 /* Coordinator */ = {
			isa = PBXGroup;
			children = (
				1415DD9F28F292B800433703 /* Coordinator.swift */,
				1415DDA128F292C900433703 /* ApplicationCoordinator.swift */,
				1415DDAA28F5063B00433703 /* MainCoordinator.swift */,
			);
			path = Coordinator;
			sourceTree = "<group>";
		};
		1415DDC928F5464E00433703 /* Views */ = {
			isa = PBXGroup;
			children = (
				4F40772C28A8B5D80040E680 /* Profile */,
				142177A629BACF6C000B2BE1 /* MenuSettings */,
				4F40773528ADF75F0040E680 /* Photos */,
				14F5C51429399F0E0034CE9B /* Like */,
				4F4F25AB289F4FB500C225E4 /* Home */,
				4F7F59162894A17600138DF2 /* Login */,
			);
			path = Views;
			sourceTree = "<group>";
		};
		142177A629BACF6C000B2BE1 /* MenuSettings */ = {
			isa = PBXGroup;
			children = (
				142177A429BAB8DC000B2BE1 /* PopupMenu.swift */,
				142177C229C17836000B2BE1 /* SideMenuView.swift */,
				142177C829C4016A000B2BE1 /* DrawerView.swift */,
				142177C629C3FDFC000B2BE1 /* SideMenuModel.swift */,
				142177C429C1F6EE000B2BE1 /* SideInfoTableCell.swift */,
				142177B529C01750000B2BE1 /* SideMenuTableCell.swift */,
				142177A729BACF8D000B2BE1 /* PopupMenuCell.swift */,
				142177AD29BAEF19000B2BE1 /* EditMenuViewController.swift */,
			);
			path = MenuSettings;
			sourceTree = "<group>";
		};
		148618C429AF24D9004C6D98 /* Fonts Inter */ = {
			isa = PBXGroup;
			children = (
				148618C529AF24D9004C6D98 /* Inter-Medium.ttf */,
				148618C629AF24D9004C6D98 /* Inter-Light.ttf */,
				148618C729AF24D9004C6D98 /* Inter-Thin.ttf */,
				148618C829AF24D9004C6D98 /* Inter-Bold.ttf */,
				148618C929AF24D9004C6D98 /* Inter-Regular.ttf */,
				148618CA29AF24D9004C6D98 /* Inter-ExtraBold.ttf */,
				148618CB29AF24D9004C6D98 /* Inter-ExtraLight.ttf */,
				148618CC29AF24D9004C6D98 /* Inter-Black.ttf */,
				148618CD29AF24D9004C6D98 /* Inter-SemiBold.ttf */,
			);
			path = "Fonts Inter";
			sourceTree = "<group>";
		};
		149916092988F02100404BBC /* NotificationService */ = {
			isa = PBXGroup;
			children = (
				1499160A2988F03B00404BBC /* LocalNotificationsService.swift */,
			);
			path = NotificationService;
			sourceTree = "<group>";
		};
		14F5C51429399F0E0034CE9B /* Like */ = {
			isa = PBXGroup;
			children = (
				14FC7E0929D0076600086ED2 /* LikeViewController.swift */,
				14FC7E0B29D0284000086ED2 /* LikeVCell.swift */,
				1485A2A32983C76D006B9045 /* LikeHelper.swift */,
				14F5C51729399F200034CE9B /* LikeCoordinator.swift */,
			);
			path = Like;
			sourceTree = "<group>";
		};
		4F40772C28A8B5D80040E680 /* Profile */ = {
			isa = PBXGroup;
			children = (
				4F7F590F288EC1F800138DF2 /* ProfileViewController.swift */,
				1486190929B6CF8D004C6D98 /* ProfileHeaderCollection.swift */,
				14D07A7929C7440B000A80EC /* FriendProfileHeaderCollection.swift */,
				4F40772F28ACA6DD0040E680 /* PhotosView.swift */,
				142177B729C03337000B2BE1 /* PostViewController.swift */,
				142177BB29C03FD5000B2BE1 /* PostHeader.swift */,
				142177C029C05722000B2BE1 /* PostCommentsCell.swift */,
				1486190729B58948004C6D98 /* AccountModel.swift */,
				1415DDCD28F5583800433703 /* ProfileViewModel.swift */,
				1415DDAE28F50B1200433703 /* ProfileTabCoordinator.swift */,
				14F5C53F2939AB110034CE9B /* CoreDataManager.swift */,
				14F5C5412939ABBF0034CE9B /* PostCoreData.xcdatamodeld */,
			);
			path = Profile;
			sourceTree = "<group>";
		};
		4F40773528ADF75F0040E680 /* Photos */ = {
			isa = PBXGroup;
			children = (
				4F40773328ADF1D70040E680 /* PhotosViewController.swift */,
				148618E929B06977004C6D98 /* AlbomsViewController.swift */,
				148618ED29B06D83004C6D98 /* AlbomsTableHeader.swift */,
				148618F129B06D93004C6D98 /* AllPhotosTableViewCell.swift */,
				142177AF29BD75DB000B2BE1 /* AlbomCell.swift */,
				4F40773728AE0E6F0040E680 /* PhotosCollectionViewCell.swift */,
				4F40773128AD1B5C0040E680 /* Photos.swift */,
			);
			path = Photos;
			sourceTree = "<group>";
		};
		4F4F25AB289F4FB500C225E4 /* Home */ = {
			isa = PBXGroup;
			children = (
				4F7F590D288EC1EA00138DF2 /* HomeViewController.swift */,
				148618FD29B56C64004C6D98 /* HomeCollectionCell.swift */,
				148618F529B1A149004C6D98 /* MenuBar+FirendsBar.swift */,
				1486190529B57E40004C6D98 /* FriendsBarCell.swift */,
				148618F929B1B1C5004C6D98 /* MenuBarCell.swift */,
				1486190129B57699004C6D98 /* MainPostsCell.swift */,
				1415DDAC28F50B0100433703 /* HomeTabCoordinator.swift */,
			);
			path = Home;
			sourceTree = "<group>";
		};
		4F7F58ED288E5AE400138DF2 = {
			isa = PBXGroup;
			children = (
				4F7F58F8288E5AE400138DF2 /* Navigation */,
				4F7F58F7288E5AE400138DF2 /* Products */,
			);
			sourceTree = "<group>";
		};
		4F7F58F7288E5AE400138DF2 /* Products */ = {
			isa = PBXGroup;
			children = (
				4F7F58F6288E5AE400138DF2 /* Navigation.app */,
			);
			name = Products;
			sourceTree = "<group>";
		};
		4F7F58F8288E5AE400138DF2 /* Navigation */ = {
			isa = PBXGroup;
			children = (
				1415DDC928F5464E00433703 /* Views */,
				1415DD9E28F292A400433703 /* Coordinator */,
				149916092988F02100404BBC /* NotificationService */,
				4F7F58F9288E5AE400138DF2 /* AppDelegate.swift */,
				4F7F58FB288E5AE400138DF2 /* SceneDelegate.swift */,
				14C8A47C296422D000F54E73 /* Localizable.strings */,
				4F7F5902288E5AE600138DF2 /* Assets.xcassets */,
				14C8A48229642D6E00F54E73 /* Localizable.stringsdict */,
				4F7F5904288E5AE600138DF2 /* LaunchScreen.storyboard */,
				4F7F5907288E5AE600138DF2 /* Info.plist */,
				14FC7E1529D2E9C000086ED2 /* GoogleService-Info.plist */,
				148618C429AF24D9004C6D98 /* Fonts Inter */,
			);
			path = Navigation;
			sourceTree = "<group>";
		};
		4F7F59162894A17600138DF2 /* Login */ = {
			isa = PBXGroup;
			children = (
				14FC7E0D29D296A400086ED2 /* LogInViewController.swift */,
				14FC7E0F29D29BA100086ED2 /* RegistrationViewController.swift */,
				14FC7E2329D2EDE200086ED2 /* AuthManager.swift */,
				14FC7E1129D2AAB100086ED2 /* AuthViewController.swift */,
				14FC7E1329D2B67800086ED2 /* SMSViewController.swift */,
				14FBC31C28E1795300D41C4C /* LogInModel.swift */,
				14FC7E2529D3064900086ED2 /* LoginCoordinator.swift */,
			);
			path = Login;
			sourceTree = "<group>";
		};
/* End PBXGroup section */

/* Begin PBXNativeTarget section */
		4F7F58F5288E5AE400138DF2 /* Navigation */ = {
			isa = PBXNativeTarget;
			buildConfigurationList = 4F7F590A288E5AE600138DF2 /* Build configuration list for PBXNativeTarget "Navigation" */;
			buildPhases = (
				4F7F58F2288E5AE400138DF2 /* Sources */,
				4F7F58F3288E5AE400138DF2 /* Frameworks */,
				4F7F58F4288E5AE400138DF2 /* Resources */,
				145D9C8928CECB05008B2665 /* Embed Frameworks */,
			);
			buildRules = (
			);
			dependencies = (
			);
			name = Navigation;
			packageProductDependencies = (
				14673AF42918C148006FEC03 /* SnapKit */,
				14103468292F44300081FB25 /* KeychainAccess */,
				14E76B7B29815D8800B50E59 /* RealmSwift */,
				14FC7E2829D3E64900086ED2 /* FirebaseAnalytics */,
				14FC7E2A29D3E64900086ED2 /* FirebaseAuth */,
			);
			productName = Navigation;
			productReference = 4F7F58F6288E5AE400138DF2 /* Navigation.app */;
			productType = "com.apple.product-type.application";
		};
/* End PBXNativeTarget section */

/* Begin PBXProject section */
		4F7F58EE288E5AE400138DF2 /* Project object */ = {
			isa = PBXProject;
			attributes = {
				BuildIndependentTargetsInParallel = 1;
				LastSwiftUpdateCheck = 1410;
				LastUpgradeCheck = 1410;
				TargetAttributes = {
					4F7F58F5288E5AE400138DF2 = {
						CreatedOnToolsVersion = 13.4;
					};
				};
			};
			buildConfigurationList = 4F7F58F1288E5AE400138DF2 /* Build configuration list for PBXProject "Navigation" */;
			compatibilityVersion = "Xcode 13.0";
			developmentRegion = en;
			hasScannedForEncodings = 0;
			knownRegions = (
				en,
				Base,
				ru,
			);
			mainGroup = 4F7F58ED288E5AE400138DF2;
			packageReferences = (
				14673AF32918C148006FEC03 /* XCRemoteSwiftPackageReference "SnapKit" */,
				14103467292F44300081FB25 /* XCRemoteSwiftPackageReference "KeychainAccess" */,
				14E76B7A29815D8800B50E59 /* XCRemoteSwiftPackageReference "realm-swift" */,
				14FC7E2729D3E64900086ED2 /* XCRemoteSwiftPackageReference "firebase-ios-sdk" */,
			);
			productRefGroup = 4F7F58F7288E5AE400138DF2 /* Products */;
			projectDirPath = "";
			projectRoot = "";
			targets = (
				4F7F58F5288E5AE400138DF2 /* Navigation */,
			);
		};
/* End PBXProject section */

/* Begin PBXResourcesBuildPhase section */
		4F7F58F4288E5AE400138DF2 /* Resources */ = {
			isa = PBXResourcesBuildPhase;
			buildActionMask = 2147483647;
			files = (
				4F7F5906288E5AE600138DF2 /* LaunchScreen.storyboard in Resources */,
				148618DA29AF24D9004C6D98 /* Inter-Regular.ttf in Resources */,
				14C8A47A296422D000F54E73 /* Localizable.strings in Resources */,
				148618D729AF24D9004C6D98 /* Inter-Bold.ttf in Resources */,
				148618E629AF24D9004C6D98 /* Inter-SemiBold.ttf in Resources */,
				4F7F5903288E5AE600138DF2 /* Assets.xcassets in Resources */,
				148618DD29AF24D9004C6D98 /* Inter-ExtraBold.ttf in Resources */,
				148618CE29AF24D9004C6D98 /* Inter-Medium.ttf in Resources */,
				148618E329AF24D9004C6D98 /* Inter-Black.ttf in Resources */,
				148618D129AF24D9004C6D98 /* Inter-Light.ttf in Resources */,
				148618E029AF24D9004C6D98 /* Inter-ExtraLight.ttf in Resources */,
				14C8A48029642D6E00F54E73 /* Localizable.stringsdict in Resources */,
				148618D429AF24D9004C6D98 /* Inter-Thin.ttf in Resources */,
				14FC7E1629D2E9C000086ED2 /* GoogleService-Info.plist in Resources */,
			);
			runOnlyForDeploymentPostprocessing = 0;
		};
/* End PBXResourcesBuildPhase section */

/* Begin PBXSourcesBuildPhase section */
		4F7F58F2288E5AE400138DF2 /* Sources */ = {
			isa = PBXSourcesBuildPhase;
			buildActionMask = 2147483647;
			files = (
				1415DDA228F292C900433703 /* ApplicationCoordinator.swift in Sources */,
				142177C129C05722000B2BE1 /* PostCommentsCell.swift in Sources */,
				1415DDA028F292B800433703 /* Coordinator.swift in Sources */,
				14FC7E1429D2B67800086ED2 /* SMSViewController.swift in Sources */,
				142177B629C01750000B2BE1 /* SideMenuTableCell.swift in Sources */,
				1415DDCE28F5583800433703 /* ProfileViewModel.swift in Sources */,
				142177B829C03337000B2BE1 /* PostViewController.swift in Sources */,
				14F5C5402939AB110034CE9B /* CoreDataManager.swift in Sources */,
				142177C729C3FDFC000B2BE1 /* SideMenuModel.swift in Sources */,
				1415DDAF28F50B1200433703 /* ProfileTabCoordinator.swift in Sources */,
				14D07A7A29C7440B000A80EC /* FriendProfileHeaderCollection.swift in Sources */,
				14F5C5432939ABBF0034CE9B /* PostCoreData.xcdatamodeld in Sources */,
				144DC27C29810A6500CEF819 /* AppDelegate.swift in Sources */,
				4F7F5910288EC1F800138DF2 /* ProfileViewController.swift in Sources */,
				14FC7E1229D2AAB100086ED2 /* AuthViewController.swift in Sources */,
				4F7F590E288EC1EA00138DF2 /* HomeViewController.swift in Sources */,
				1486190A29B6CF8D004C6D98 /* ProfileHeaderCollection.swift in Sources */,
				14FC7E1029D29BA100086ED2 /* RegistrationViewController.swift in Sources */,
				1499160B2988F03B00404BBC /* LocalNotificationsService.swift in Sources */,
				1485A2A42983C76D006B9045 /* LikeHelper.swift in Sources */,
				148618F229B06D93004C6D98 /* AllPhotosTableViewCell.swift in Sources */,
				14FC7E0E29D296A400086ED2 /* LogInViewController.swift in Sources */,
				4F40773228AD1B5C0040E680 /* Photos.swift in Sources */,
				142177C529C1F6EE000B2BE1 /* SideInfoTableCell.swift in Sources */,
				14FBC31D28E1795300D41C4C /* LogInModel.swift in Sources */,
				142177A529BAB8DC000B2BE1 /* PopupMenu.swift in Sources */,
				1486190829B58948004C6D98 /* AccountModel.swift in Sources */,
				1415DDAD28F50B0100433703 /* HomeTabCoordinator.swift in Sources */,
				142177BC29C03FD5000B2BE1 /* PostHeader.swift in Sources */,
				142177AE29BAEF19000B2BE1 /* EditMenuViewController.swift in Sources */,
				148618EA29B06977004C6D98 /* AlbomsViewController.swift in Sources */,
				4F7F58FC288E5AE400138DF2 /* SceneDelegate.swift in Sources */,
				148618FA29B1B1C5004C6D98 /* MenuBarCell.swift in Sources */,
				142177C329C17836000B2BE1 /* SideMenuView.swift in Sources */,
				4F40773428ADF1D70040E680 /* PhotosViewController.swift in Sources */,
				14FC7E0A29D0076600086ED2 /* LikeViewController.swift in Sources */,
				148618EE29B06D83004C6D98 /* AlbomsTableHeader.swift in Sources */,
				14FC7E2629D3064900086ED2 /* LoginCoordinator.swift in Sources */,
				1415DDAB28F5063B00433703 /* MainCoordinator.swift in Sources */,
				148618F629B1A149004C6D98 /* MenuBar+FirendsBar.swift in Sources */,
				1486190229B57699004C6D98 /* MainPostsCell.swift in Sources */,
				148618FE29B56C64004C6D98 /* HomeCollectionCell.swift in Sources */,
				14FC7E0C29D0284000086ED2 /* LikeVCell.swift in Sources */,
				4F40773028ACA6DD0040E680 /* PhotosView.swift in Sources */,
				14FC7E2429D2EDE200086ED2 /* AuthManager.swift in Sources */,
				142177B029BD75DB000B2BE1 /* AlbomCell.swift in Sources */,
				1486190629B57E40004C6D98 /* FriendsBarCell.swift in Sources */,
				142177A829BACF8D000B2BE1 /* PopupMenuCell.swift in Sources */,
				4F40773828AE0E6F0040E680 /* PhotosCollectionViewCell.swift in Sources */,
				142177C929C4016A000B2BE1 /* DrawerView.swift in Sources */,
				14F5C51829399F200034CE9B /* LikeCoordinator.swift in Sources */,
			);
			runOnlyForDeploymentPostprocessing = 0;
		};
/* End PBXSourcesBuildPhase section */

/* Begin PBXVariantGroup section */
		14C8A47C296422D000F54E73 /* Localizable.strings */ = {
			isa = PBXVariantGroup;
			children = (
				14C8A47B296422D000F54E73 /* en */,
				14C8A47D296422D300F54E73 /* ru */,
			);
			name = Localizable.strings;
			sourceTree = "<group>";
		};
		14C8A48229642D6E00F54E73 /* Localizable.stringsdict */ = {
			isa = PBXVariantGroup;
			children = (
				14C8A48129642D6E00F54E73 /* en */,
				14C8A48329642D7200F54E73 /* ru */,
			);
			name = Localizable.stringsdict;
			sourceTree = "<group>";
		};
		4F7F5904288E5AE600138DF2 /* LaunchScreen.storyboard */ = {
			isa = PBXVariantGroup;
			children = (
				4F7F5905288E5AE600138DF2 /* Base */,
				14C8A479296422C800F54E73 /* ru */,
			);
			name = LaunchScreen.storyboard;
			sourceTree = "<group>";
		};
/* End PBXVariantGroup section */

/* Begin XCBuildConfiguration section */
		4F7F5908288E5AE600138DF2 /* Debug */ = {
			isa = XCBuildConfiguration;
			buildSettings = {
				ALWAYS_SEARCH_USER_PATHS = NO;
				CLANG_ANALYZER_LOCALIZABILITY_NONLOCALIZED = YES;
				CLANG_ANALYZER_NONNULL = YES;
				CLANG_ANALYZER_NUMBER_OBJECT_CONVERSION = YES_AGGRESSIVE;
				CLANG_CXX_LANGUAGE_STANDARD = "gnu++17";
				CLANG_ENABLE_MODULES = YES;
				CLANG_ENABLE_OBJC_ARC = YES;
				CLANG_ENABLE_OBJC_WEAK = YES;
				CLANG_WARN_BLOCK_CAPTURE_AUTORELEASING = YES;
				CLANG_WARN_BOOL_CONVERSION = YES;
				CLANG_WARN_COMMA = YES;
				CLANG_WARN_CONSTANT_CONVERSION = YES;
				CLANG_WARN_DEPRECATED_OBJC_IMPLEMENTATIONS = YES;
				CLANG_WARN_DIRECT_OBJC_ISA_USAGE = YES_ERROR;
				CLANG_WARN_DOCUMENTATION_COMMENTS = YES;
				CLANG_WARN_EMPTY_BODY = YES;
				CLANG_WARN_ENUM_CONVERSION = YES;
				CLANG_WARN_INFINITE_RECURSION = YES;
				CLANG_WARN_INT_CONVERSION = YES;
				CLANG_WARN_NON_LITERAL_NULL_CONVERSION = YES;
				CLANG_WARN_OBJC_IMPLICIT_RETAIN_SELF = YES;
				CLANG_WARN_OBJC_LITERAL_CONVERSION = YES;
				CLANG_WARN_OBJC_ROOT_CLASS = YES_ERROR;
				CLANG_WARN_QUOTED_INCLUDE_IN_FRAMEWORK_HEADER = YES;
				CLANG_WARN_RANGE_LOOP_ANALYSIS = YES;
				CLANG_WARN_STRICT_PROTOTYPES = YES;
				CLANG_WARN_SUSPICIOUS_MOVE = YES;
				CLANG_WARN_UNGUARDED_AVAILABILITY = YES_AGGRESSIVE;
				CLANG_WARN_UNREACHABLE_CODE = YES;
				CLANG_WARN__DUPLICATE_METHOD_MATCH = YES;
				COPY_PHASE_STRIP = NO;
				DEBUG_INFORMATION_FORMAT = dwarf;
				ENABLE_STRICT_OBJC_MSGSEND = YES;
				ENABLE_TESTABILITY = YES;
				GCC_C_LANGUAGE_STANDARD = gnu11;
				GCC_DYNAMIC_NO_PIC = NO;
				GCC_NO_COMMON_BLOCKS = YES;
				GCC_OPTIMIZATION_LEVEL = 0;
				GCC_PREPROCESSOR_DEFINITIONS = (
					"DEBUG=1",
					"$(inherited)",
				);
				GCC_WARN_64_TO_32_BIT_CONVERSION = YES;
				GCC_WARN_ABOUT_RETURN_TYPE = YES_ERROR;
				GCC_WARN_UNDECLARED_SELECTOR = YES;
				GCC_WARN_UNINITIALIZED_AUTOS = YES_AGGRESSIVE;
				GCC_WARN_UNUSED_FUNCTION = YES;
				GCC_WARN_UNUSED_VARIABLE = YES;
				IPHONEOS_DEPLOYMENT_TARGET = 16;
				MTL_ENABLE_DEBUG_INFO = INCLUDE_SOURCE;
				MTL_FAST_MATH = YES;
				ONLY_ACTIVE_ARCH = YES;
				SDKROOT = iphoneos;
				SWIFT_ACTIVE_COMPILATION_CONDITIONS = DEBUG;
				SWIFT_OPTIMIZATION_LEVEL = "-Onone";
			};
			name = Debug;
		};
		4F7F5909288E5AE600138DF2 /* Release */ = {
			isa = XCBuildConfiguration;
			buildSettings = {
				ALWAYS_SEARCH_USER_PATHS = NO;
				CLANG_ANALYZER_LOCALIZABILITY_NONLOCALIZED = YES;
				CLANG_ANALYZER_NONNULL = YES;
				CLANG_ANALYZER_NUMBER_OBJECT_CONVERSION = YES_AGGRESSIVE;
				CLANG_CXX_LANGUAGE_STANDARD = "gnu++17";
				CLANG_ENABLE_MODULES = YES;
				CLANG_ENABLE_OBJC_ARC = YES;
				CLANG_ENABLE_OBJC_WEAK = YES;
				CLANG_WARN_BLOCK_CAPTURE_AUTORELEASING = YES;
				CLANG_WARN_BOOL_CONVERSION = YES;
				CLANG_WARN_COMMA = YES;
				CLANG_WARN_CONSTANT_CONVERSION = YES;
				CLANG_WARN_DEPRECATED_OBJC_IMPLEMENTATIONS = YES;
				CLANG_WARN_DIRECT_OBJC_ISA_USAGE = YES_ERROR;
				CLANG_WARN_DOCUMENTATION_COMMENTS = YES;
				CLANG_WARN_EMPTY_BODY = YES;
				CLANG_WARN_ENUM_CONVERSION = YES;
				CLANG_WARN_INFINITE_RECURSION = YES;
				CLANG_WARN_INT_CONVERSION = YES;
				CLANG_WARN_NON_LITERAL_NULL_CONVERSION = YES;
				CLANG_WARN_OBJC_IMPLICIT_RETAIN_SELF = YES;
				CLANG_WARN_OBJC_LITERAL_CONVERSION = YES;
				CLANG_WARN_OBJC_ROOT_CLASS = YES_ERROR;
				CLANG_WARN_QUOTED_INCLUDE_IN_FRAMEWORK_HEADER = YES;
				CLANG_WARN_RANGE_LOOP_ANALYSIS = YES;
				CLANG_WARN_STRICT_PROTOTYPES = YES;
				CLANG_WARN_SUSPICIOUS_MOVE = YES;
				CLANG_WARN_UNGUARDED_AVAILABILITY = YES_AGGRESSIVE;
				CLANG_WARN_UNREACHABLE_CODE = YES;
				CLANG_WARN__DUPLICATE_METHOD_MATCH = YES;
				COPY_PHASE_STRIP = NO;
				DEBUG_INFORMATION_FORMAT = "dwarf-with-dsym";
				ENABLE_NS_ASSERTIONS = NO;
				ENABLE_STRICT_OBJC_MSGSEND = YES;
				GCC_C_LANGUAGE_STANDARD = gnu11;
				GCC_NO_COMMON_BLOCKS = YES;
				GCC_WARN_64_TO_32_BIT_CONVERSION = YES;
				GCC_WARN_ABOUT_RETURN_TYPE = YES_ERROR;
				GCC_WARN_UNDECLARED_SELECTOR = YES;
				GCC_WARN_UNINITIALIZED_AUTOS = YES_AGGRESSIVE;
				GCC_WARN_UNUSED_FUNCTION = YES;
				GCC_WARN_UNUSED_VARIABLE = YES;
				IPHONEOS_DEPLOYMENT_TARGET = 16;
				MTL_ENABLE_DEBUG_INFO = NO;
				MTL_FAST_MATH = YES;
				SDKROOT = iphoneos;
				SWIFT_COMPILATION_MODE = wholemodule;
				SWIFT_OPTIMIZATION_LEVEL = "-O";
				VALIDATE_PRODUCT = YES;
			};
			name = Release;
		};
		4F7F590B288E5AE600138DF2 /* Debug */ = {
			isa = XCBuildConfiguration;
			buildSettings = {
				ASSETCATALOG_COMPILER_APPICON_NAME = AppIcon;
				ASSETCATALOG_COMPILER_GLOBAL_ACCENT_COLOR_NAME = AccentColor;
				CODE_SIGN_STYLE = Automatic;
				CURRENT_PROJECT_VERSION = 1;
				DEVELOPMENT_TEAM = YY78XVR2DH;
				GENERATE_INFOPLIST_FILE = YES;
				INFOPLIST_FILE = Navigation/Info.plist;
				INFOPLIST_KEY_NSFaceIDUsageDescription = "Использовать вместо пароля";
				INFOPLIST_KEY_UIApplicationSupportsIndirectInputEvents = YES;
				INFOPLIST_KEY_UILaunchStoryboardName = LaunchScreen;
				INFOPLIST_KEY_UIStatusBarStyle = UIStatusBarStyleLightContent;
				INFOPLIST_KEY_UISupportedInterfaceOrientations = UIInterfaceOrientationPortrait;
				INFOPLIST_KEY_UISupportedInterfaceOrientations_iPad = "UIInterfaceOrientationPortrait UIInterfaceOrientationPortraitUpsideDown";
				IPHONEOS_DEPLOYMENT_TARGET = 16;
				LD_RUNPATH_SEARCH_PATHS = (
					"$(inherited)",
					"@executable_path/Frameworks",
				);
				MARKETING_VERSION = 1.0;
				PRODUCT_BUNDLE_IDENTIFIER = com.Kiryl.Team;
				PRODUCT_NAME = "$(TARGET_NAME)";
				SWIFT_EMIT_LOC_STRINGS = YES;
				SWIFT_VERSION = 5.0;
				TARGETED_DEVICE_FAMILY = "1,2";
			};
			name = Debug;
		};
		4F7F590C288E5AE600138DF2 /* Release */ = {
			isa = XCBuildConfiguration;
			buildSettings = {
				ASSETCATALOG_COMPILER_APPICON_NAME = AppIcon;
				ASSETCATALOG_COMPILER_GLOBAL_ACCENT_COLOR_NAME = AccentColor;
				CODE_SIGN_STYLE = Automatic;
				CURRENT_PROJECT_VERSION = 1;
				DEVELOPMENT_TEAM = YY78XVR2DH;
				GENERATE_INFOPLIST_FILE = YES;
				INFOPLIST_FILE = Navigation/Info.plist;
				INFOPLIST_KEY_NSFaceIDUsageDescription = "Использовать вместо пароля";
				INFOPLIST_KEY_UIApplicationSupportsIndirectInputEvents = YES;
				INFOPLIST_KEY_UILaunchStoryboardName = LaunchScreen;
				INFOPLIST_KEY_UIStatusBarStyle = UIStatusBarStyleLightContent;
				INFOPLIST_KEY_UISupportedInterfaceOrientations = UIInterfaceOrientationPortrait;
				INFOPLIST_KEY_UISupportedInterfaceOrientations_iPad = "UIInterfaceOrientationPortrait UIInterfaceOrientationPortraitUpsideDown";
				IPHONEOS_DEPLOYMENT_TARGET = 16;
				LD_RUNPATH_SEARCH_PATHS = (
					"$(inherited)",
					"@executable_path/Frameworks",
				);
				MARKETING_VERSION = 1.0;
				PRODUCT_BUNDLE_IDENTIFIER = com.Kiryl.Team;
				PRODUCT_NAME = "$(TARGET_NAME)";
				SWIFT_EMIT_LOC_STRINGS = YES;
				SWIFT_VERSION = 5.0;
				TARGETED_DEVICE_FAMILY = "1,2";
			};
			name = Release;
		};
/* End XCBuildConfiguration section */

/* Begin XCConfigurationList section */
		4F7F58F1288E5AE400138DF2 /* Build configuration list for PBXProject "Navigation" */ = {
			isa = XCConfigurationList;
			buildConfigurations = (
				4F7F5908288E5AE600138DF2 /* Debug */,
				4F7F5909288E5AE600138DF2 /* Release */,
			);
			defaultConfigurationIsVisible = 0;
			defaultConfigurationName = Release;
		};
		4F7F590A288E5AE600138DF2 /* Build configuration list for PBXNativeTarget "Navigation" */ = {
			isa = XCConfigurationList;
			buildConfigurations = (
				4F7F590B288E5AE600138DF2 /* Debug */,
				4F7F590C288E5AE600138DF2 /* Release */,
			);
			defaultConfigurationIsVisible = 0;
			defaultConfigurationName = Release;
		};
/* End XCConfigurationList section */

/* Begin XCRemoteSwiftPackageReference section */
		14103467292F44300081FB25 /* XCRemoteSwiftPackageReference "KeychainAccess" */ = {
			isa = XCRemoteSwiftPackageReference;
			repositoryURL = "https://github.com/kishikawakatsumi/KeychainAccess.git";
			requirement = {
				branch = master;
				kind = branch;
			};
		};
		14673AF32918C148006FEC03 /* XCRemoteSwiftPackageReference "SnapKit" */ = {
			isa = XCRemoteSwiftPackageReference;
			repositoryURL = "https://github.com/SnapKit/SnapKit.git";
			requirement = {
				branch = develop;
				kind = branch;
			};
		};
		14E76B7A29815D8800B50E59 /* XCRemoteSwiftPackageReference "realm-swift" */ = {
			isa = XCRemoteSwiftPackageReference;
			repositoryURL = "https://github.com/realm/realm-swift.git";
			requirement = {
				branch = master;
				kind = branch;
			};
		};
		14FC7E2729D3E64900086ED2 /* XCRemoteSwiftPackageReference "firebase-ios-sdk" */ = {
			isa = XCRemoteSwiftPackageReference;
			repositoryURL = "https://github.com/firebase/firebase-ios-sdk";
			requirement = {
				kind = upToNextMajorVersion;
				minimumVersion = 9.0.0;
			};
		};
/* End XCRemoteSwiftPackageReference section */

/* Begin XCSwiftPackageProductDependency section */
		14103468292F44300081FB25 /* KeychainAccess */ = {
			isa = XCSwiftPackageProductDependency;
			package = 14103467292F44300081FB25 /* XCRemoteSwiftPackageReference "KeychainAccess" */;
			productName = KeychainAccess;
		};
		14673AF42918C148006FEC03 /* SnapKit */ = {
			isa = XCSwiftPackageProductDependency;
			package = 14673AF32918C148006FEC03 /* XCRemoteSwiftPackageReference "SnapKit" */;
			productName = SnapKit;
		};
		14E76B7B29815D8800B50E59 /* RealmSwift */ = {
			isa = XCSwiftPackageProductDependency;
			package = 14E76B7A29815D8800B50E59 /* XCRemoteSwiftPackageReference "realm-swift" */;
			productName = RealmSwift;
		};
		14FC7E2829D3E64900086ED2 /* FirebaseAnalytics */ = {
			isa = XCSwiftPackageProductDependency;
			package = 14FC7E2729D3E64900086ED2 /* XCRemoteSwiftPackageReference "firebase-ios-sdk" */;
			productName = FirebaseAnalytics;
		};
		14FC7E2A29D3E64900086ED2 /* FirebaseAuth */ = {
			isa = XCSwiftPackageProductDependency;
			package = 14FC7E2729D3E64900086ED2 /* XCRemoteSwiftPackageReference "firebase-ios-sdk" */;
			productName = FirebaseAuth;
		};
/* End XCSwiftPackageProductDependency section */

/* Begin XCVersionGroup section */
		14F5C5412939ABBF0034CE9B /* PostCoreData.xcdatamodeld */ = {
			isa = XCVersionGroup;
			children = (
				14F5C5422939ABBF0034CE9B /* PostCoreData.xcdatamodel */,
			);
			currentVersion = 14F5C5422939ABBF0034CE9B /* PostCoreData.xcdatamodel */;
			path = PostCoreData.xcdatamodeld;
			sourceTree = "<group>";
			versionGroupType = wrapper.xcdatamodel;
		};
/* End XCVersionGroup section */
	};
	rootObject = 4F7F58EE288E5AE400138DF2 /* Project object */;
}
