// !$*UTF8*$!
{
	archiveVersion = 1;
	classes = {
	};
	objectVersion = 55;
	objects = {

/* Begin PBXBuildFile section */
		14103469292F44300081FB25 /* KeychainAccess in Frameworks */ = {isa = PBXBuildFile; productRef = 14103468292F44300081FB25 /* KeychainAccess */; };
		1415DDA028F292B800433703 /* Coordinator.swift in Sources */ = {isa = PBXBuildFile; fileRef = 1415DD9F28F292B800433703 /* Coordinator.swift */; };
		1415DDA228F292C900433703 /* ApplicationCoordinator.swift in Sources */ = {isa = PBXBuildFile; fileRef = 1415DDA128F292C900433703 /* ApplicationCoordinator.swift */; };
		1415DDAB28F5063B00433703 /* MainCoordinator.swift in Sources */ = {isa = PBXBuildFile; fileRef = 1415DDAA28F5063B00433703 /* MainCoordinator.swift */; };
		1415DDAD28F50B0100433703 /* FeedTabCoordinator.swift in Sources */ = {isa = PBXBuildFile; fileRef = 1415DDAC28F50B0100433703 /* FeedTabCoordinator.swift */; };
		1415DDAF28F50B1200433703 /* ProfileTabCoordinator.swift in Sources */ = {isa = PBXBuildFile; fileRef = 1415DDAE28F50B1200433703 /* ProfileTabCoordinator.swift */; };
		1415DDCC28F551E200433703 /* PhotosModelView.swift in Sources */ = {isa = PBXBuildFile; fileRef = 1415DDCB28F551E200433703 /* PhotosModelView.swift */; };
		1415DDCE28F5583800433703 /* ProfileViewModel.swift in Sources */ = {isa = PBXBuildFile; fileRef = 1415DDCD28F5583800433703 /* ProfileViewModel.swift */; };
		1415DDDA28F64F4200433703 /* PostModel.swift in Sources */ = {isa = PBXBuildFile; fileRef = 4F33CB6A28950D5F00319B6D /* PostModel.swift */; };
		1415DDDD28F65B9800433703 /* iOSIntPackage in Frameworks */ = {isa = PBXBuildFile; productRef = 1415DDDC28F65B9800433703 /* iOSIntPackage */; };
		144DC27C29810A6500CEF819 /* AppDelegate.swift in Sources */ = {isa = PBXBuildFile; fileRef = 4F7F58F9288E5AE400138DF2 /* AppDelegate.swift */; };
		144DC28229810D2C00CEF819 /* StatusHelper.swift in Sources */ = {isa = PBXBuildFile; fileRef = 144DC28129810D2C00CEF819 /* StatusHelper.swift */; };
		14643E3728E6EAB1003478D6 /* LogInViewModel.swift in Sources */ = {isa = PBXBuildFile; fileRef = 14643E3628E6EAB1003478D6 /* LogInViewModel.swift */; };
		14673AF52918C148006FEC03 /* SnapKit in Frameworks */ = {isa = PBXBuildFile; productRef = 14673AF42918C148006FEC03 /* SnapKit */; };
		1485A28F2981782A006B9045 /* RealmSwift in Frameworks */ = {isa = PBXBuildFile; productRef = 1485A28E2981782A006B9045 /* RealmSwift */; };
		1485A2912981782E006B9045 /* Realm in Frameworks */ = {isa = PBXBuildFile; productRef = 1485A2902981782E006B9045 /* Realm */; };
		1485A29329821538006B9045 /* AccountHelper.swift in Sources */ = {isa = PBXBuildFile; fileRef = 1485A29229821538006B9045 /* AccountHelper.swift */; };
		1485A29529821AD9006B9045 /* LoginTest.swift in Sources */ = {isa = PBXBuildFile; fileRef = 1485A29429821AD9006B9045 /* LoginTest.swift */; };
		1485A2A42983C76D006B9045 /* LikeHelper.swift in Sources */ = {isa = PBXBuildFile; fileRef = 1485A2A32983C76D006B9045 /* LikeHelper.swift */; };
		1485A2A52983C76D006B9045 /* LikeHelper.swift in Sources */ = {isa = PBXBuildFile; fileRef = 1485A2A32983C76D006B9045 /* LikeHelper.swift */; };
		1485A2B42983F570006B9045 /* LikeTest.swift in Sources */ = {isa = PBXBuildFile; fileRef = 1485A2B32983F570006B9045 /* LikeTest.swift */; };
		14B6A593293A002F0014CD75 /* LIkeTableViewCell.swift in Sources */ = {isa = PBXBuildFile; fileRef = 14B6A592293A002F0014CD75 /* LIkeTableViewCell.swift */; };
		14C8A47A296422D000F54E73 /* Localizable.strings in Resources */ = {isa = PBXBuildFile; fileRef = 14C8A47C296422D000F54E73 /* Localizable.strings */; };
		14C8A48029642D6E00F54E73 /* Localizable.stringsdict in Resources */ = {isa = PBXBuildFile; fileRef = 14C8A48229642D6E00F54E73 /* Localizable.stringsdict */; };
		14E76B7C29815D8800B50E59 /* RealmSwift in Frameworks */ = {isa = PBXBuildFile; productRef = 14E76B7B29815D8800B50E59 /* RealmSwift */; };
		14E76B862981658400B50E59 /* NavigationTests.swift in Sources */ = {isa = PBXBuildFile; fileRef = 14E76B852981658400B50E59 /* NavigationTests.swift */; };
		14E76B8D298165E800B50E59 /* StatusHelper.swift in Sources */ = {isa = PBXBuildFile; fileRef = 144DC28129810D2C00CEF819 /* StatusHelper.swift */; };
		14F5C51629399F180034CE9B /* LikeViewController.swift in Sources */ = {isa = PBXBuildFile; fileRef = 14F5C51529399F180034CE9B /* LikeViewController.swift */; };
		14F5C51829399F200034CE9B /* LikeCoordinator.swift in Sources */ = {isa = PBXBuildFile; fileRef = 14F5C51729399F200034CE9B /* LikeCoordinator.swift */; };
		14F5C5402939AB110034CE9B /* CoreDataManager.swift in Sources */ = {isa = PBXBuildFile; fileRef = 14F5C53F2939AB110034CE9B /* CoreDataManager.swift */; };
		14F5C5432939ABBF0034CE9B /* PostCoreData.xcdatamodeld in Sources */ = {isa = PBXBuildFile; fileRef = 14F5C5412939ABBF0034CE9B /* PostCoreData.xcdatamodeld */; };
		14FBC31D28E1795300D41C4C /* LogInModel.swift in Sources */ = {isa = PBXBuildFile; fileRef = 14FBC31C28E1795300D41C4C /* LogInModel.swift */; };
		4F40772B28A8A40C0040E680 /* ProfileTableHeaderView.swift in Sources */ = {isa = PBXBuildFile; fileRef = 4F40772A28A8A40C0040E680 /* ProfileTableHeaderView.swift */; };
		4F40772E28A8BDB20040E680 /* PostTableViewCell.swift in Sources */ = {isa = PBXBuildFile; fileRef = 4F40772D28A8BDB20040E680 /* PostTableViewCell.swift */; };
		4F40773028ACA6DD0040E680 /* PhotosTableViewCell.swift in Sources */ = {isa = PBXBuildFile; fileRef = 4F40772F28ACA6DD0040E680 /* PhotosTableViewCell.swift */; };
		4F40773228AD1B5C0040E680 /* Photos.swift in Sources */ = {isa = PBXBuildFile; fileRef = 4F40773128AD1B5C0040E680 /* Photos.swift */; };
		4F40773428ADF1D70040E680 /* PhotosViewController.swift in Sources */ = {isa = PBXBuildFile; fileRef = 4F40773328ADF1D70040E680 /* PhotosViewController.swift */; };
		4F40773828AE0E6F0040E680 /* PhotosCollectionViewCell.swift in Sources */ = {isa = PBXBuildFile; fileRef = 4F40773728AE0E6F0040E680 /* PhotosCollectionViewCell.swift */; };
		4F4C8ED328A0C23E00987CB2 /* LogInViewController.swift in Sources */ = {isa = PBXBuildFile; fileRef = 4F4C8ED228A0C23E00987CB2 /* LogInViewController.swift */; };
		4F7F58FC288E5AE400138DF2 /* SceneDelegate.swift in Sources */ = {isa = PBXBuildFile; fileRef = 4F7F58FB288E5AE400138DF2 /* SceneDelegate.swift */; };
		4F7F5903288E5AE600138DF2 /* Assets.xcassets in Resources */ = {isa = PBXBuildFile; fileRef = 4F7F5902288E5AE600138DF2 /* Assets.xcassets */; };
		4F7F5906288E5AE600138DF2 /* LaunchScreen.storyboard in Resources */ = {isa = PBXBuildFile; fileRef = 4F7F5904288E5AE600138DF2 /* LaunchScreen.storyboard */; };
		4F7F590E288EC1EA00138DF2 /* FeedViewController.swift in Sources */ = {isa = PBXBuildFile; fileRef = 4F7F590D288EC1EA00138DF2 /* FeedViewController.swift */; };
		4F7F5910288EC1F800138DF2 /* ProfileViewController.swift in Sources */ = {isa = PBXBuildFile; fileRef = 4F7F590F288EC1F800138DF2 /* ProfileViewController.swift */; };
/* End PBXBuildFile section */

/* Begin PBXContainerItemProxy section */
		1485A2AE2983F407006B9045 /* PBXContainerItemProxy */ = {
			isa = PBXContainerItemProxy;
			containerPortal = 4F7F58EE288E5AE400138DF2 /* Project object */;
			proxyType = 1;
			remoteGlobalIDString = 4F7F58F5288E5AE400138DF2;
			remoteInfo = Navigation;
		};
		14E76B872981658400B50E59 /* PBXContainerItemProxy */ = {
			isa = PBXContainerItemProxy;
			containerPortal = 4F7F58EE288E5AE400138DF2 /* Project object */;
			proxyType = 1;
			remoteGlobalIDString = 4F7F58F5288E5AE400138DF2;
			remoteInfo = Navigation;
		};
/* End PBXContainerItemProxy section */

/* Begin PBXCopyFilesBuildPhase section */
		145D9C8928CECB05008B2665 /* Embed Frameworks */ = {
			isa = PBXCopyFilesBuildPhase;
			buildActionMask = 2147483647;
			dstPath = "";
			dstSubfolderSpec = 10;
			files = (
			);
			name = "Embed Frameworks";
			runOnlyForDeploymentPostprocessing = 0;
		};
/* End PBXCopyFilesBuildPhase section */

/* Begin PBXFileReference section */
		1415DD9F28F292B800433703 /* Coordinator.swift */ = {isa = PBXFileReference; lastKnownFileType = sourcecode.swift; path = Coordinator.swift; sourceTree = "<group>"; };
		1415DDA128F292C900433703 /* ApplicationCoordinator.swift */ = {isa = PBXFileReference; lastKnownFileType = sourcecode.swift; path = ApplicationCoordinator.swift; sourceTree = "<group>"; };
		1415DDAA28F5063B00433703 /* MainCoordinator.swift */ = {isa = PBXFileReference; lastKnownFileType = sourcecode.swift; path = MainCoordinator.swift; sourceTree = "<group>"; };
		1415DDAC28F50B0100433703 /* FeedTabCoordinator.swift */ = {isa = PBXFileReference; lastKnownFileType = sourcecode.swift; path = FeedTabCoordinator.swift; sourceTree = "<group>"; };
		1415DDAE28F50B1200433703 /* ProfileTabCoordinator.swift */ = {isa = PBXFileReference; lastKnownFileType = sourcecode.swift; path = ProfileTabCoordinator.swift; sourceTree = "<group>"; };
		1415DDCB28F551E200433703 /* PhotosModelView.swift */ = {isa = PBXFileReference; lastKnownFileType = sourcecode.swift; path = PhotosModelView.swift; sourceTree = "<group>"; };
		1415DDCD28F5583800433703 /* ProfileViewModel.swift */ = {isa = PBXFileReference; lastKnownFileType = sourcecode.swift; path = ProfileViewModel.swift; sourceTree = "<group>"; };
		144DC28129810D2C00CEF819 /* StatusHelper.swift */ = {isa = PBXFileReference; lastKnownFileType = sourcecode.swift; path = StatusHelper.swift; sourceTree = "<group>"; };
		14643E3628E6EAB1003478D6 /* LogInViewModel.swift */ = {isa = PBXFileReference; lastKnownFileType = sourcecode.swift; path = LogInViewModel.swift; sourceTree = "<group>"; };
		1485A29229821538006B9045 /* AccountHelper.swift */ = {isa = PBXFileReference; lastKnownFileType = sourcecode.swift; path = AccountHelper.swift; sourceTree = "<group>"; };
		1485A29429821AD9006B9045 /* LoginTest.swift */ = {isa = PBXFileReference; lastKnownFileType = sourcecode.swift; path = LoginTest.swift; sourceTree = "<group>"; };
		1485A2A32983C76D006B9045 /* LikeHelper.swift */ = {isa = PBXFileReference; lastKnownFileType = sourcecode.swift; path = LikeHelper.swift; sourceTree = "<group>"; };
		1485A2AA2983F407006B9045 /* LikeTests.xctest */ = {isa = PBXFileReference; explicitFileType = wrapper.cfbundle; includeInIndex = 0; path = LikeTests.xctest; sourceTree = BUILT_PRODUCTS_DIR; };
		1485A2B32983F570006B9045 /* LikeTest.swift */ = {isa = PBXFileReference; lastKnownFileType = sourcecode.swift; path = LikeTest.swift; sourceTree = "<group>"; };
		14B6A592293A002F0014CD75 /* LIkeTableViewCell.swift */ = {isa = PBXFileReference; lastKnownFileType = sourcecode.swift; path = LIkeTableViewCell.swift; sourceTree = "<group>"; };
		14C8A479296422C800F54E73 /* ru */ = {isa = PBXFileReference; lastKnownFileType = text.plist.strings; name = ru; path = ru.lproj/LaunchScreen.strings; sourceTree = "<group>"; };
		14C8A47B296422D000F54E73 /* en */ = {isa = PBXFileReference; lastKnownFileType = text.plist.strings; name = en; path = en.lproj/Localizable.strings; sourceTree = "<group>"; };
		14C8A47D296422D300F54E73 /* ru */ = {isa = PBXFileReference; lastKnownFileType = text.plist.strings; name = ru; path = ru.lproj/Localizable.strings; sourceTree = "<group>"; };
		14C8A48129642D6E00F54E73 /* en */ = {isa = PBXFileReference; lastKnownFileType = text.plist.stringsdict; name = en; path = en.lproj/Localizable.stringsdict; sourceTree = "<group>"; };
		14C8A48329642D7200F54E73 /* ru */ = {isa = PBXFileReference; lastKnownFileType = text.plist.stringsdict; name = ru; path = ru.lproj/Localizable.stringsdict; sourceTree = "<group>"; };
		14E76B832981658400B50E59 /* NavigationTests.xctest */ = {isa = PBXFileReference; explicitFileType = wrapper.cfbundle; includeInIndex = 0; path = NavigationTests.xctest; sourceTree = BUILT_PRODUCTS_DIR; };
		14E76B852981658400B50E59 /* NavigationTests.swift */ = {isa = PBXFileReference; lastKnownFileType = sourcecode.swift; path = NavigationTests.swift; sourceTree = "<group>"; };
		14F5C51529399F180034CE9B /* LikeViewController.swift */ = {isa = PBXFileReference; lastKnownFileType = sourcecode.swift; path = LikeViewController.swift; sourceTree = "<group>"; };
		14F5C51729399F200034CE9B /* LikeCoordinator.swift */ = {isa = PBXFileReference; lastKnownFileType = sourcecode.swift; path = LikeCoordinator.swift; sourceTree = "<group>"; };
		14F5C53F2939AB110034CE9B /* CoreDataManager.swift */ = {isa = PBXFileReference; lastKnownFileType = sourcecode.swift; path = CoreDataManager.swift; sourceTree = "<group>"; };
		14F5C5422939ABBF0034CE9B /* PostCoreData.xcdatamodel */ = {isa = PBXFileReference; lastKnownFileType = wrapper.xcdatamodel; path = PostCoreData.xcdatamodel; sourceTree = "<group>"; };
		14FBC31C28E1795300D41C4C /* LogInModel.swift */ = {isa = PBXFileReference; lastKnownFileType = sourcecode.swift; path = LogInModel.swift; sourceTree = "<group>"; };
		4F33CB6A28950D5F00319B6D /* PostModel.swift */ = {isa = PBXFileReference; lastKnownFileType = sourcecode.swift; path = PostModel.swift; sourceTree = "<group>"; };
		4F40772A28A8A40C0040E680 /* ProfileTableHeaderView.swift */ = {isa = PBXFileReference; lastKnownFileType = sourcecode.swift; path = ProfileTableHeaderView.swift; sourceTree = "<group>"; };
		4F40772D28A8BDB20040E680 /* PostTableViewCell.swift */ = {isa = PBXFileReference; lastKnownFileType = sourcecode.swift; path = PostTableViewCell.swift; sourceTree = "<group>"; };
		4F40772F28ACA6DD0040E680 /* PhotosTableViewCell.swift */ = {isa = PBXFileReference; lastKnownFileType = sourcecode.swift; path = PhotosTableViewCell.swift; sourceTree = "<group>"; };
		4F40773128AD1B5C0040E680 /* Photos.swift */ = {isa = PBXFileReference; lastKnownFileType = sourcecode.swift; path = Photos.swift; sourceTree = "<group>"; };
		4F40773328ADF1D70040E680 /* PhotosViewController.swift */ = {isa = PBXFileReference; lastKnownFileType = sourcecode.swift; path = PhotosViewController.swift; sourceTree = "<group>"; };
		4F40773728AE0E6F0040E680 /* PhotosCollectionViewCell.swift */ = {isa = PBXFileReference; lastKnownFileType = sourcecode.swift; path = PhotosCollectionViewCell.swift; sourceTree = "<group>"; };
		4F4C8ED228A0C23E00987CB2 /* LogInViewController.swift */ = {isa = PBXFileReference; lastKnownFileType = sourcecode.swift; path = LogInViewController.swift; sourceTree = "<group>"; };
		4F7F58F6288E5AE400138DF2 /* Navigation.app */ = {isa = PBXFileReference; explicitFileType = wrapper.application; includeInIndex = 0; path = Navigation.app; sourceTree = BUILT_PRODUCTS_DIR; };
		4F7F58F9288E5AE400138DF2 /* AppDelegate.swift */ = {isa = PBXFileReference; lastKnownFileType = sourcecode.swift; path = AppDelegate.swift; sourceTree = "<group>"; };
		4F7F58FB288E5AE400138DF2 /* SceneDelegate.swift */ = {isa = PBXFileReference; lastKnownFileType = sourcecode.swift; path = SceneDelegate.swift; sourceTree = "<group>"; };
		4F7F5902288E5AE600138DF2 /* Assets.xcassets */ = {isa = PBXFileReference; lastKnownFileType = folder.assetcatalog; path = Assets.xcassets; sourceTree = "<group>"; };
		4F7F5905288E5AE600138DF2 /* Base */ = {isa = PBXFileReference; lastKnownFileType = file.storyboard; name = Base; path = Base.lproj/LaunchScreen.storyboard; sourceTree = "<group>"; };
		4F7F5907288E5AE600138DF2 /* Info.plist */ = {isa = PBXFileReference; lastKnownFileType = text.plist.xml; path = Info.plist; sourceTree = "<group>"; };
		4F7F590D288EC1EA00138DF2 /* FeedViewController.swift */ = {isa = PBXFileReference; lastKnownFileType = sourcecode.swift; path = FeedViewController.swift; sourceTree = "<group>"; };
		4F7F590F288EC1F800138DF2 /* ProfileViewController.swift */ = {isa = PBXFileReference; lastKnownFileType = sourcecode.swift; path = ProfileViewController.swift; sourceTree = "<group>"; };
/* End PBXFileReference section */

/* Begin PBXFrameworksBuildPhase section */
		1485A2A72983F407006B9045 /* Frameworks */ = {
			isa = PBXFrameworksBuildPhase;
			buildActionMask = 2147483647;
			files = (
			);
			runOnlyForDeploymentPostprocessing = 0;
		};
		14E76B802981658400B50E59 /* Frameworks */ = {
			isa = PBXFrameworksBuildPhase;
			buildActionMask = 2147483647;
			files = (
				1485A2912981782E006B9045 /* Realm in Frameworks */,
				1485A28F2981782A006B9045 /* RealmSwift in Frameworks */,
			);
			runOnlyForDeploymentPostprocessing = 0;
		};
		4F7F58F3288E5AE400138DF2 /* Frameworks */ = {
			isa = PBXFrameworksBuildPhase;
			buildActionMask = 2147483647;
			files = (
				14E76B7C29815D8800B50E59 /* RealmSwift in Frameworks */,
				14673AF52918C148006FEC03 /* SnapKit in Frameworks */,
				14103469292F44300081FB25 /* KeychainAccess in Frameworks */,
				1415DDDD28F65B9800433703 /* iOSIntPackage in Frameworks */,
			);
			runOnlyForDeploymentPostprocessing = 0;
		};
/* End PBXFrameworksBuildPhase section */

/* Begin PBXGroup section */
		1415DD9E28F292A400433703 /* Coordinator */ = {
			isa = PBXGroup;
			children = (
				1415DD9F28F292B800433703 /* Coordinator.swift */,
				1415DDA128F292C900433703 /* ApplicationCoordinator.swift */,
				1415DDAA28F5063B00433703 /* MainCoordinator.swift */,
			);
			path = Coordinator;
			sourceTree = "<group>";
		};
		1415DDC928F5464E00433703 /* Views */ = {
			isa = PBXGroup;
			children = (
				14F5C51429399F0E0034CE9B /* Like */,
				4F4F25AB289F4FB500C225E4 /* Feed */,
				4F7F59162894A17600138DF2 /* Profile */,
			);
			path = Views;
			sourceTree = "<group>";
		};
		14E76B842981658400B50E59 /* NavigationTests */ = {
			isa = PBXGroup;
			children = (
				1485A2B32983F570006B9045 /* LikeTest.swift */,
				14E76B852981658400B50E59 /* NavigationTests.swift */,
				1485A29429821AD9006B9045 /* LoginTest.swift */,
			);
			path = NavigationTests;
			sourceTree = "<group>";
		};
		14F5C51429399F0E0034CE9B /* Like */ = {
			isa = PBXGroup;
			children = (
				14F5C51529399F180034CE9B /* LikeViewController.swift */,
				14B6A592293A002F0014CD75 /* LIkeTableViewCell.swift */,
				14F5C51729399F200034CE9B /* LikeCoordinator.swift */,
			);
			path = Like;
			sourceTree = "<group>";
		};
		4F40772C28A8B5D80040E680 /* Posts */ = {
			isa = PBXGroup;
			children = (
				4F7F590F288EC1F800138DF2 /* ProfileViewController.swift */,
				4F40772A28A8A40C0040E680 /* ProfileTableHeaderView.swift */,
				4F40772F28ACA6DD0040E680 /* PhotosTableViewCell.swift */,
				144DC28129810D2C00CEF819 /* StatusHelper.swift */,
				4F40772D28A8BDB20040E680 /* PostTableViewCell.swift */,
				1485A2A32983C76D006B9045 /* LikeHelper.swift */,
				4F33CB6A28950D5F00319B6D /* PostModel.swift */,
				1415DDCD28F5583800433703 /* ProfileViewModel.swift */,
				1415DDAE28F50B1200433703 /* ProfileTabCoordinator.swift */,
				14F5C53F2939AB110034CE9B /* CoreDataManager.swift */,
				14F5C5412939ABBF0034CE9B /* PostCoreData.xcdatamodeld */,
				4F40773528ADF75F0040E680 /* Photos */,
			);
			path = Posts;
			sourceTree = "<group>";
		};
		4F40773528ADF75F0040E680 /* Photos */ = {
			isa = PBXGroup;
			children = (
				4F40773328ADF1D70040E680 /* PhotosViewController.swift */,
				4F40773728AE0E6F0040E680 /* PhotosCollectionViewCell.swift */,
				4F40773128AD1B5C0040E680 /* Photos.swift */,
				1415DDCB28F551E200433703 /* PhotosModelView.swift */,
			);
			path = Photos;
			sourceTree = "<group>";
		};
		4F4F25AB289F4FB500C225E4 /* Feed */ = {
			isa = PBXGroup;
			children = (
				4F7F590D288EC1EA00138DF2 /* FeedViewController.swift */,
				1415DDAC28F50B0100433703 /* FeedTabCoordinator.swift */,
			);
			path = Feed;
			sourceTree = "<group>";
		};
		4F7F58ED288E5AE400138DF2 = {
			isa = PBXGroup;
			children = (
				4F7F58F8288E5AE400138DF2 /* Navigation */,
				14E76B842981658400B50E59 /* NavigationTests */,
				4F7F58F7288E5AE400138DF2 /* Products */,
			);
			sourceTree = "<group>";
		};
		4F7F58F7288E5AE400138DF2 /* Products */ = {
			isa = PBXGroup;
			children = (
				4F7F58F6288E5AE400138DF2 /* Navigation.app */,
				14E76B832981658400B50E59 /* NavigationTests.xctest */,
				1485A2AA2983F407006B9045 /* LikeTests.xctest */,
			);
			name = Products;
			sourceTree = "<group>";
		};
		4F7F58F8288E5AE400138DF2 /* Navigation */ = {
			isa = PBXGroup;
			children = (
				1415DDC928F5464E00433703 /* Views */,
				1415DD9E28F292A400433703 /* Coordinator */,
				4F7F58FB288E5AE400138DF2 /* SceneDelegate.swift */,
				4F7F58F9288E5AE400138DF2 /* AppDelegate.swift */,
				14C8A47C296422D000F54E73 /* Localizable.strings */,
				4F7F5902288E5AE600138DF2 /* Assets.xcassets */,
				14C8A48229642D6E00F54E73 /* Localizable.stringsdict */,
				4F7F5904288E5AE600138DF2 /* LaunchScreen.storyboard */,
				4F7F5907288E5AE600138DF2 /* Info.plist */,
			);
			path = Navigation;
			sourceTree = "<group>";
		};
		4F7F59162894A17600138DF2 /* Profile */ = {
			isa = PBXGroup;
			children = (
				4F4C8ED228A0C23E00987CB2 /* LogInViewController.swift */,
				1485A29229821538006B9045 /* AccountHelper.swift */,
				14FBC31C28E1795300D41C4C /* LogInModel.swift */,
				14643E3628E6EAB1003478D6 /* LogInViewModel.swift */,
				4F40772C28A8B5D80040E680 /* Posts */,
			);
			path = Profile;
			sourceTree = "<group>";
		};
/* End PBXGroup section */

/* Begin PBXNativeTarget section */
		1485A2A92983F407006B9045 /* LikeTests */ = {
			isa = PBXNativeTarget;
			buildConfigurationList = 1485A2B02983F407006B9045 /* Build configuration list for PBXNativeTarget "LikeTests" */;
			buildPhases = (
				1485A2A62983F407006B9045 /* Sources */,
				1485A2A72983F407006B9045 /* Frameworks */,
				1485A2A82983F407006B9045 /* Resources */,
			);
			buildRules = (
			);
			dependencies = (
				1485A2AF2983F407006B9045 /* PBXTargetDependency */,
			);
			name = LikeTests;
			productName = LikeTests;
			productReference = 1485A2AA2983F407006B9045 /* LikeTests.xctest */;
			productType = "com.apple.product-type.bundle.unit-test";
		};
		14E76B822981658400B50E59 /* NavigationTests */ = {
			isa = PBXNativeTarget;
			buildConfigurationList = 14E76B892981658400B50E59 /* Build configuration list for PBXNativeTarget "NavigationTests" */;
			buildPhases = (
				14E76B7F2981658400B50E59 /* Sources */,
				14E76B802981658400B50E59 /* Frameworks */,
				14E76B812981658400B50E59 /* Resources */,
			);
			buildRules = (
			);
			dependencies = (
				14E76B882981658400B50E59 /* PBXTargetDependency */,
			);
			name = NavigationTests;
			packageProductDependencies = (
				1485A28E2981782A006B9045 /* RealmSwift */,
				1485A2902981782E006B9045 /* Realm */,
			);
			productName = NavigationTests;
			productReference = 14E76B832981658400B50E59 /* NavigationTests.xctest */;
			productType = "com.apple.product-type.bundle.unit-test";
		};
		4F7F58F5288E5AE400138DF2 /* Navigation */ = {
			isa = PBXNativeTarget;
			buildConfigurationList = 4F7F590A288E5AE600138DF2 /* Build configuration list for PBXNativeTarget "Navigation" */;
			buildPhases = (
				4F7F58F2288E5AE400138DF2 /* Sources */,
				4F7F58F3288E5AE400138DF2 /* Frameworks */,
				4F7F58F4288E5AE400138DF2 /* Resources */,
				145D9C8928CECB05008B2665 /* Embed Frameworks */,
			);
			buildRules = (
			);
			dependencies = (
			);
			name = Navigation;
			packageProductDependencies = (
				1415DDDC28F65B9800433703 /* iOSIntPackage */,
				14673AF42918C148006FEC03 /* SnapKit */,
				14103468292F44300081FB25 /* KeychainAccess */,
				14E76B7B29815D8800B50E59 /* RealmSwift */,
			);
			productName = Navigation;
			productReference = 4F7F58F6288E5AE400138DF2 /* Navigation.app */;
			productType = "com.apple.product-type.application";
		};
/* End PBXNativeTarget section */

/* Begin PBXProject section */
		4F7F58EE288E5AE400138DF2 /* Project object */ = {
			isa = PBXProject;
			attributes = {
				BuildIndependentTargetsInParallel = 1;
				LastSwiftUpdateCheck = 1410;
				LastUpgradeCheck = 1340;
				TargetAttributes = {
					1485A2A92983F407006B9045 = {
						CreatedOnToolsVersion = 14.1;
						TestTargetID = 4F7F58F5288E5AE400138DF2;
					};
					14E76B822981658400B50E59 = {
						CreatedOnToolsVersion = 14.1;
						TestTargetID = 4F7F58F5288E5AE400138DF2;
					};
					4F7F58F5288E5AE400138DF2 = {
						CreatedOnToolsVersion = 13.4;
					};
				};
			};
			buildConfigurationList = 4F7F58F1288E5AE400138DF2 /* Build configuration list for PBXProject "Navigation" */;
			compatibilityVersion = "Xcode 13.0";
			developmentRegion = en;
			hasScannedForEncodings = 0;
			knownRegions = (
				en,
				Base,
				ru,
			);
			mainGroup = 4F7F58ED288E5AE400138DF2;
			packageReferences = (
				1415DDDB28F65B9800433703 /* XCRemoteSwiftPackageReference "iOSIntPackage" */,
				14673AF32918C148006FEC03 /* XCRemoteSwiftPackageReference "SnapKit" */,
				14103467292F44300081FB25 /* XCRemoteSwiftPackageReference "KeychainAccess" */,
				14E76B7A29815D8800B50E59 /* XCRemoteSwiftPackageReference "realm-swift" */,
			);
			productRefGroup = 4F7F58F7288E5AE400138DF2 /* Products */;
			projectDirPath = "";
			projectRoot = "";
			targets = (
				4F7F58F5288E5AE400138DF2 /* Navigation */,
				14E76B822981658400B50E59 /* NavigationTests */,
				1485A2A92983F407006B9045 /* LikeTests */,
			);
		};
/* End PBXProject section */

/* Begin PBXResourcesBuildPhase section */
		1485A2A82983F407006B9045 /* Resources */ = {
			isa = PBXResourcesBuildPhase;
			buildActionMask = 2147483647;
			files = (
			);
			runOnlyForDeploymentPostprocessing = 0;
		};
		14E76B812981658400B50E59 /* Resources */ = {
			isa = PBXResourcesBuildPhase;
			buildActionMask = 2147483647;
			files = (
			);
			runOnlyForDeploymentPostprocessing = 0;
		};
		4F7F58F4288E5AE400138DF2 /* Resources */ = {
			isa = PBXResourcesBuildPhase;
			buildActionMask = 2147483647;
			files = (
				4F7F5906288E5AE600138DF2 /* LaunchScreen.storyboard in Resources */,
				14C8A47A296422D000F54E73 /* Localizable.strings in Resources */,
				4F7F5903288E5AE600138DF2 /* Assets.xcassets in Resources */,
				14C8A48029642D6E00F54E73 /* Localizable.stringsdict in Resources */,
			);
			runOnlyForDeploymentPostprocessing = 0;
		};
/* End PBXResourcesBuildPhase section */

/* Begin PBXSourcesBuildPhase section */
		1485A2A62983F407006B9045 /* Sources */ = {
			isa = PBXSourcesBuildPhase;
			buildActionMask = 2147483647;
			files = (
			);
			runOnlyForDeploymentPostprocessing = 0;
		};
		14E76B7F2981658400B50E59 /* Sources */ = {
			isa = PBXSourcesBuildPhase;
			buildActionMask = 2147483647;
			files = (
				1485A2B42983F570006B9045 /* LikeTest.swift in Sources */,
				1485A2A52983C76D006B9045 /* LikeHelper.swift in Sources */,
				1485A29529821AD9006B9045 /* LoginTest.swift in Sources */,
				14E76B862981658400B50E59 /* NavigationTests.swift in Sources */,
				14E76B8D298165E800B50E59 /* StatusHelper.swift in Sources */,
			);
			runOnlyForDeploymentPostprocessing = 0;
		};
		4F7F58F2288E5AE400138DF2 /* Sources */ = {
			isa = PBXSourcesBuildPhase;
			buildActionMask = 2147483647;
			files = (
				1415DDA228F292C900433703 /* ApplicationCoordinator.swift in Sources */,
				1415DDA028F292B800433703 /* Coordinator.swift in Sources */,
				14B6A593293A002F0014CD75 /* LIkeTableViewCell.swift in Sources */,
				1485A29329821538006B9045 /* AccountHelper.swift in Sources */,
				14643E3728E6EAB1003478D6 /* LogInViewModel.swift in Sources */,
				1415DDCE28F5583800433703 /* ProfileViewModel.swift in Sources */,
				14F5C5402939AB110034CE9B /* CoreDataManager.swift in Sources */,
				1415DDAF28F50B1200433703 /* ProfileTabCoordinator.swift in Sources */,
				14F5C5432939ABBF0034CE9B /* PostCoreData.xcdatamodeld in Sources */,
				144DC27C29810A6500CEF819 /* AppDelegate.swift in Sources */,
				4F7F5910288EC1F800138DF2 /* ProfileViewController.swift in Sources */,
				4F7F590E288EC1EA00138DF2 /* FeedViewController.swift in Sources */,
				1485A2A42983C76D006B9045 /* LikeHelper.swift in Sources */,
				4F40773228AD1B5C0040E680 /* Photos.swift in Sources */,
				14FBC31D28E1795300D41C4C /* LogInModel.swift in Sources */,
				1415DDAD28F50B0100433703 /* FeedTabCoordinator.swift in Sources */,
				144DC28229810D2C00CEF819 /* StatusHelper.swift in Sources */,
				4F7F58FC288E5AE400138DF2 /* SceneDelegate.swift in Sources */,
				4F40773428ADF1D70040E680 /* PhotosViewController.swift in Sources */,
				1415DDCC28F551E200433703 /* PhotosModelView.swift in Sources */,
				1415DDAB28F5063B00433703 /* MainCoordinator.swift in Sources */,
				1415DDDA28F64F4200433703 /* PostModel.swift in Sources */,
				4F4C8ED328A0C23E00987CB2 /* LogInViewController.swift in Sources */,
				4F40773028ACA6DD0040E680 /* PhotosTableViewCell.swift in Sources */,
				4F40772B28A8A40C0040E680 /* ProfileTableHeaderView.swift in Sources */,
				4F40773828AE0E6F0040E680 /* PhotosCollectionViewCell.swift in Sources */,
				4F40772E28A8BDB20040E680 /* PostTableViewCell.swift in Sources */,
				14F5C51829399F200034CE9B /* LikeCoordinator.swift in Sources */,
				14F5C51629399F180034CE9B /* LikeViewController.swift in Sources */,
			);
			runOnlyForDeploymentPostprocessing = 0;
		};
/* End PBXSourcesBuildPhase section */

/* Begin PBXTargetDependency section */
		1485A2AF2983F407006B9045 /* PBXTargetDependency */ = {
			isa = PBXTargetDependency;
			target = 4F7F58F5288E5AE400138DF2 /* Navigation */;
			targetProxy = 1485A2AE2983F407006B9045 /* PBXContainerItemProxy */;
		};
		14E76B882981658400B50E59 /* PBXTargetDependency */ = {
			isa = PBXTargetDependency;
			target = 4F7F58F5288E5AE400138DF2 /* Navigation */;
			targetProxy = 14E76B872981658400B50E59 /* PBXContainerItemProxy */;
		};
/* End PBXTargetDependency section */

/* Begin PBXVariantGroup section */
		14C8A47C296422D000F54E73 /* Localizable.strings */ = {
			isa = PBXVariantGroup;
			children = (
				14C8A47B296422D000F54E73 /* en */,
				14C8A47D296422D300F54E73 /* ru */,
			);
			name = Localizable.strings;
			sourceTree = "<group>";
		};
		14C8A48229642D6E00F54E73 /* Localizable.stringsdict */ = {
			isa = PBXVariantGroup;
			children = (
				14C8A48129642D6E00F54E73 /* en */,
				14C8A48329642D7200F54E73 /* ru */,
			);
			name = Localizable.stringsdict;
			sourceTree = "<group>";
		};
		4F7F5904288E5AE600138DF2 /* LaunchScreen.storyboard */ = {
			isa = PBXVariantGroup;
			children = (
				4F7F5905288E5AE600138DF2 /* Base */,
				14C8A479296422C800F54E73 /* ru */,
			);
			name = LaunchScreen.storyboard;
			sourceTree = "<group>";
		};
/* End PBXVariantGroup section */

/* Begin XCBuildConfiguration section */
		1485A2B12983F407006B9045 /* Debug */ = {
			isa = XCBuildConfiguration;
			buildSettings = {
				BUNDLE_LOADER = "$(TEST_HOST)";
				CLANG_CXX_LANGUAGE_STANDARD = "gnu++20";
				CODE_SIGN_STYLE = Automatic;
				CURRENT_PROJECT_VERSION = 1;
				DEVELOPMENT_TEAM = YY78XVR2DH;
				GENERATE_INFOPLIST_FILE = YES;
				IPHONEOS_DEPLOYMENT_TARGET = 16.1;
				MACOSX_DEPLOYMENT_TARGET = 13.0;
				MARKETING_VERSION = 1.0;
				PRODUCT_BUNDLE_IDENTIFIER = com.Kiryl.Team.LikeTests;
				PRODUCT_NAME = "$(TARGET_NAME)";
				SDKROOT = auto;
				SUPPORTED_PLATFORMS = "iphoneos iphonesimulator macosx";
				SWIFT_EMIT_LOC_STRINGS = NO;
				SWIFT_VERSION = 5.0;
				TARGETED_DEVICE_FAMILY = "1,2";
				TEST_HOST = "$(BUILT_PRODUCTS_DIR)/Navigation.app/$(BUNDLE_EXECUTABLE_FOLDER_PATH)/Navigation";
			};
			name = Debug;
		};
		1485A2B22983F407006B9045 /* Release */ = {
			isa = XCBuildConfiguration;
			buildSettings = {
				BUNDLE_LOADER = "$(TEST_HOST)";
				CLANG_CXX_LANGUAGE_STANDARD = "gnu++20";
				CODE_SIGN_STYLE = Automatic;
				CURRENT_PROJECT_VERSION = 1;
				DEVELOPMENT_TEAM = YY78XVR2DH;
				GENERATE_INFOPLIST_FILE = YES;
				IPHONEOS_DEPLOYMENT_TARGET = 16.1;
				MACOSX_DEPLOYMENT_TARGET = 13.0;
				MARKETING_VERSION = 1.0;
				PRODUCT_BUNDLE_IDENTIFIER = com.Kiryl.Team.LikeTests;
				PRODUCT_NAME = "$(TARGET_NAME)";
				SDKROOT = auto;
				SUPPORTED_PLATFORMS = "iphoneos iphonesimulator macosx";
				SWIFT_EMIT_LOC_STRINGS = NO;
				SWIFT_VERSION = 5.0;
				TARGETED_DEVICE_FAMILY = "1,2";
				TEST_HOST = "$(BUILT_PRODUCTS_DIR)/Navigation.app/$(BUNDLE_EXECUTABLE_FOLDER_PATH)/Navigation";
			};
			name = Release;
		};
		14E76B8A2981658400B50E59 /* Debug */ = {
			isa = XCBuildConfiguration;
			buildSettings = {
				BUNDLE_LOADER = "$(TEST_HOST)";
				CLANG_CXX_LANGUAGE_STANDARD = "gnu++20";
				CODE_SIGN_STYLE = Automatic;
				CURRENT_PROJECT_VERSION = 1;
				DEVELOPMENT_TEAM = YY78XVR2DH;
				GENERATE_INFOPLIST_FILE = YES;
				IPHONEOS_DEPLOYMENT_TARGET = 16.1;
				MARKETING_VERSION = 1.0;
				PRODUCT_BUNDLE_IDENTIFIER = com.Kiryl.Team.NavigationTests;
				PRODUCT_NAME = "$(TARGET_NAME)";
				SWIFT_EMIT_LOC_STRINGS = NO;
				SWIFT_VERSION = 5.0;
				TARGETED_DEVICE_FAMILY = "1,2";
				TEST_HOST = "$(BUILT_PRODUCTS_DIR)/Navigation.app/$(BUNDLE_EXECUTABLE_FOLDER_PATH)/Navigation";
			};
			name = Debug;
		};
		14E76B8B2981658400B50E59 /* Release */ = {
			isa = XCBuildConfiguration;
			buildSettings = {
				BUNDLE_LOADER = "$(TEST_HOST)";
				CLANG_CXX_LANGUAGE_STANDARD = "gnu++20";
				CODE_SIGN_STYLE = Automatic;
				CURRENT_PROJECT_VERSION = 1;
				DEVELOPMENT_TEAM = YY78XVR2DH;
				GENERATE_INFOPLIST_FILE = YES;
				IPHONEOS_DEPLOYMENT_TARGET = 16.1;
				MARKETING_VERSION = 1.0;
				PRODUCT_BUNDLE_IDENTIFIER = com.Kiryl.Team.NavigationTests;
				PRODUCT_NAME = "$(TARGET_NAME)";
				SWIFT_EMIT_LOC_STRINGS = NO;
				SWIFT_VERSION = 5.0;
				TARGETED_DEVICE_FAMILY = "1,2";
				TEST_HOST = "$(BUILT_PRODUCTS_DIR)/Navigation.app/$(BUNDLE_EXECUTABLE_FOLDER_PATH)/Navigation";
			};
			name = Release;
		};
		4F7F5908288E5AE600138DF2 /* Debug */ = {
			isa = XCBuildConfiguration;
			buildSettings = {
				ALWAYS_SEARCH_USER_PATHS = NO;
				CLANG_ANALYZER_LOCALIZABILITY_NONLOCALIZED = YES;
				CLANG_ANALYZER_NONNULL = YES;
				CLANG_ANALYZER_NUMBER_OBJECT_CONVERSION = YES_AGGRESSIVE;
				CLANG_CXX_LANGUAGE_STANDARD = "gnu++17";
				CLANG_ENABLE_MODULES = YES;
				CLANG_ENABLE_OBJC_ARC = YES;
				CLANG_ENABLE_OBJC_WEAK = YES;
				CLANG_WARN_BLOCK_CAPTURE_AUTORELEASING = YES;
				CLANG_WARN_BOOL_CONVERSION = YES;
				CLANG_WARN_COMMA = YES;
				CLANG_WARN_CONSTANT_CONVERSION = YES;
				CLANG_WARN_DEPRECATED_OBJC_IMPLEMENTATIONS = YES;
				CLANG_WARN_DIRECT_OBJC_ISA_USAGE = YES_ERROR;
				CLANG_WARN_DOCUMENTATION_COMMENTS = YES;
				CLANG_WARN_EMPTY_BODY = YES;
				CLANG_WARN_ENUM_CONVERSION = YES;
				CLANG_WARN_INFINITE_RECURSION = YES;
				CLANG_WARN_INT_CONVERSION = YES;
				CLANG_WARN_NON_LITERAL_NULL_CONVERSION = YES;
				CLANG_WARN_OBJC_IMPLICIT_RETAIN_SELF = YES;
				CLANG_WARN_OBJC_LITERAL_CONVERSION = YES;
				CLANG_WARN_OBJC_ROOT_CLASS = YES_ERROR;
				CLANG_WARN_QUOTED_INCLUDE_IN_FRAMEWORK_HEADER = YES;
				CLANG_WARN_RANGE_LOOP_ANALYSIS = YES;
				CLANG_WARN_STRICT_PROTOTYPES = YES;
				CLANG_WARN_SUSPICIOUS_MOVE = YES;
				CLANG_WARN_UNGUARDED_AVAILABILITY = YES_AGGRESSIVE;
				CLANG_WARN_UNREACHABLE_CODE = YES;
				CLANG_WARN__DUPLICATE_METHOD_MATCH = YES;
				COPY_PHASE_STRIP = NO;
				DEBUG_INFORMATION_FORMAT = dwarf;
				ENABLE_STRICT_OBJC_MSGSEND = YES;
				ENABLE_TESTABILITY = YES;
				GCC_C_LANGUAGE_STANDARD = gnu11;
				GCC_DYNAMIC_NO_PIC = NO;
				GCC_NO_COMMON_BLOCKS = YES;
				GCC_OPTIMIZATION_LEVEL = 0;
				GCC_PREPROCESSOR_DEFINITIONS = (
					"DEBUG=1",
					"$(inherited)",
				);
				GCC_WARN_64_TO_32_BIT_CONVERSION = YES;
				GCC_WARN_ABOUT_RETURN_TYPE = YES_ERROR;
				GCC_WARN_UNDECLARED_SELECTOR = YES;
				GCC_WARN_UNINITIALIZED_AUTOS = YES_AGGRESSIVE;
				GCC_WARN_UNUSED_FUNCTION = YES;
				GCC_WARN_UNUSED_VARIABLE = YES;
				IPHONEOS_DEPLOYMENT_TARGET = 15.0;
				MTL_ENABLE_DEBUG_INFO = INCLUDE_SOURCE;
				MTL_FAST_MATH = YES;
				ONLY_ACTIVE_ARCH = YES;
				SDKROOT = iphoneos;
				SWIFT_ACTIVE_COMPILATION_CONDITIONS = DEBUG;
				SWIFT_OPTIMIZATION_LEVEL = "-Onone";
			};
			name = Debug;
		};
		4F7F5909288E5AE600138DF2 /* Release */ = {
			isa = XCBuildConfiguration;
			buildSettings = {
				ALWAYS_SEARCH_USER_PATHS = NO;
				CLANG_ANALYZER_LOCALIZABILITY_NONLOCALIZED = YES;
				CLANG_ANALYZER_NONNULL = YES;
				CLANG_ANALYZER_NUMBER_OBJECT_CONVERSION = YES_AGGRESSIVE;
				CLANG_CXX_LANGUAGE_STANDARD = "gnu++17";
				CLANG_ENABLE_MODULES = YES;
				CLANG_ENABLE_OBJC_ARC = YES;
				CLANG_ENABLE_OBJC_WEAK = YES;
				CLANG_WARN_BLOCK_CAPTURE_AUTORELEASING = YES;
				CLANG_WARN_BOOL_CONVERSION = YES;
				CLANG_WARN_COMMA = YES;
				CLANG_WARN_CONSTANT_CONVERSION = YES;
				CLANG_WARN_DEPRECATED_OBJC_IMPLEMENTATIONS = YES;
				CLANG_WARN_DIRECT_OBJC_ISA_USAGE = YES_ERROR;
				CLANG_WARN_DOCUMENTATION_COMMENTS = YES;
				CLANG_WARN_EMPTY_BODY = YES;
				CLANG_WARN_ENUM_CONVERSION = YES;
				CLANG_WARN_INFINITE_RECURSION = YES;
				CLANG_WARN_INT_CONVERSION = YES;
				CLANG_WARN_NON_LITERAL_NULL_CONVERSION = YES;
				CLANG_WARN_OBJC_IMPLICIT_RETAIN_SELF = YES;
				CLANG_WARN_OBJC_LITERAL_CONVERSION = YES;
				CLANG_WARN_OBJC_ROOT_CLASS = YES_ERROR;
				CLANG_WARN_QUOTED_INCLUDE_IN_FRAMEWORK_HEADER = YES;
				CLANG_WARN_RANGE_LOOP_ANALYSIS = YES;
				CLANG_WARN_STRICT_PROTOTYPES = YES;
				CLANG_WARN_SUSPICIOUS_MOVE = YES;
				CLANG_WARN_UNGUARDED_AVAILABILITY = YES_AGGRESSIVE;
				CLANG_WARN_UNREACHABLE_CODE = YES;
				CLANG_WARN__DUPLICATE_METHOD_MATCH = YES;
				COPY_PHASE_STRIP = NO;
				DEBUG_INFORMATION_FORMAT = "dwarf-with-dsym";
				ENABLE_NS_ASSERTIONS = NO;
				ENABLE_STRICT_OBJC_MSGSEND = YES;
				GCC_C_LANGUAGE_STANDARD = gnu11;
				GCC_NO_COMMON_BLOCKS = YES;
				GCC_WARN_64_TO_32_BIT_CONVERSION = YES;
				GCC_WARN_ABOUT_RETURN_TYPE = YES_ERROR;
				GCC_WARN_UNDECLARED_SELECTOR = YES;
				GCC_WARN_UNINITIALIZED_AUTOS = YES_AGGRESSIVE;
				GCC_WARN_UNUSED_FUNCTION = YES;
				GCC_WARN_UNUSED_VARIABLE = YES;
				IPHONEOS_DEPLOYMENT_TARGET = 15.0;
				MTL_ENABLE_DEBUG_INFO = NO;
				MTL_FAST_MATH = YES;
				SDKROOT = iphoneos;
				SWIFT_COMPILATION_MODE = wholemodule;
				SWIFT_OPTIMIZATION_LEVEL = "-O";
				VALIDATE_PRODUCT = YES;
			};
			name = Release;
		};
		4F7F590B288E5AE600138DF2 /* Debug */ = {
			isa = XCBuildConfiguration;
			buildSettings = {
				ASSETCATALOG_COMPILER_APPICON_NAME = AppIcon;
				ASSETCATALOG_COMPILER_GLOBAL_ACCENT_COLOR_NAME = AccentColor;
				CODE_SIGN_STYLE = Automatic;
				CURRENT_PROJECT_VERSION = 1;
				DEVELOPMENT_TEAM = YY78XVR2DH;
				GENERATE_INFOPLIST_FILE = YES;
				INFOPLIST_FILE = Navigation/Info.plist;
				INFOPLIST_KEY_UIApplicationSupportsIndirectInputEvents = YES;
				INFOPLIST_KEY_UILaunchStoryboardName = LaunchScreen;
				INFOPLIST_KEY_UISupportedInterfaceOrientations_iPad = "UIInterfaceOrientationPortrait UIInterfaceOrientationPortraitUpsideDown UIInterfaceOrientationLandscapeLeft UIInterfaceOrientationLandscapeRight";
				INFOPLIST_KEY_UISupportedInterfaceOrientations_iPhone = "UIInterfaceOrientationPortrait UIInterfaceOrientationLandscapeLeft UIInterfaceOrientationLandscapeRight";
				LD_RUNPATH_SEARCH_PATHS = (
					"$(inherited)",
					"@executable_path/Frameworks",
				);
				MARKETING_VERSION = 1.0;
				PRODUCT_BUNDLE_IDENTIFIER = com.Kiryl.Team;
				PRODUCT_NAME = "$(TARGET_NAME)";
				SWIFT_EMIT_LOC_STRINGS = YES;
				SWIFT_VERSION = 5.0;
				TARGETED_DEVICE_FAMILY = "1,2";
			};
			name = Debug;
		};
		4F7F590C288E5AE600138DF2 /* Release */ = {
			isa = XCBuildConfiguration;
			buildSettings = {
				ASSETCATALOG_COMPILER_APPICON_NAME = AppIcon;
				ASSETCATALOG_COMPILER_GLOBAL_ACCENT_COLOR_NAME = AccentColor;
				CODE_SIGN_STYLE = Automatic;
				CURRENT_PROJECT_VERSION = 1;
				DEVELOPMENT_TEAM = YY78XVR2DH;
				GENERATE_INFOPLIST_FILE = YES;
				INFOPLIST_FILE = Navigation/Info.plist;
				INFOPLIST_KEY_UIApplicationSupportsIndirectInputEvents = YES;
				INFOPLIST_KEY_UILaunchStoryboardName = LaunchScreen;
				INFOPLIST_KEY_UISupportedInterfaceOrientations_iPad = "UIInterfaceOrientationPortrait UIInterfaceOrientationPortraitUpsideDown UIInterfaceOrientationLandscapeLeft UIInterfaceOrientationLandscapeRight";
				INFOPLIST_KEY_UISupportedInterfaceOrientations_iPhone = "UIInterfaceOrientationPortrait UIInterfaceOrientationLandscapeLeft UIInterfaceOrientationLandscapeRight";
				LD_RUNPATH_SEARCH_PATHS = (
					"$(inherited)",
					"@executable_path/Frameworks",
				);
				MARKETING_VERSION = 1.0;
				PRODUCT_BUNDLE_IDENTIFIER = com.Kiryl.Team;
				PRODUCT_NAME = "$(TARGET_NAME)";
				SWIFT_EMIT_LOC_STRINGS = YES;
				SWIFT_VERSION = 5.0;
				TARGETED_DEVICE_FAMILY = "1,2";
			};
			name = Release;
		};
/* End XCBuildConfiguration section */

/* Begin XCConfigurationList section */
		1485A2B02983F407006B9045 /* Build configuration list for PBXNativeTarget "LikeTests" */ = {
			isa = XCConfigurationList;
			buildConfigurations = (
				1485A2B12983F407006B9045 /* Debug */,
				1485A2B22983F407006B9045 /* Release */,
			);
			defaultConfigurationIsVisible = 0;
			defaultConfigurationName = Release;
		};
		14E76B892981658400B50E59 /* Build configuration list for PBXNativeTarget "NavigationTests" */ = {
			isa = XCConfigurationList;
			buildConfigurations = (
				14E76B8A2981658400B50E59 /* Debug */,
				14E76B8B2981658400B50E59 /* Release */,
			);
			defaultConfigurationIsVisible = 0;
			defaultConfigurationName = Release;
		};
		4F7F58F1288E5AE400138DF2 /* Build configuration list for PBXProject "Navigation" */ = {
			isa = XCConfigurationList;
			buildConfigurations = (
				4F7F5908288E5AE600138DF2 /* Debug */,
				4F7F5909288E5AE600138DF2 /* Release */,
			);
			defaultConfigurationIsVisible = 0;
			defaultConfigurationName = Release;
		};
		4F7F590A288E5AE600138DF2 /* Build configuration list for PBXNativeTarget "Navigation" */ = {
			isa = XCConfigurationList;
			buildConfigurations = (
				4F7F590B288E5AE600138DF2 /* Debug */,
				4F7F590C288E5AE600138DF2 /* Release */,
			);
			defaultConfigurationIsVisible = 0;
			defaultConfigurationName = Release;
		};
/* End XCConfigurationList section */

/* Begin XCRemoteSwiftPackageReference section */
		14103467292F44300081FB25 /* XCRemoteSwiftPackageReference "KeychainAccess" */ = {
			isa = XCRemoteSwiftPackageReference;
			repositoryURL = "https://github.com/kishikawakatsumi/KeychainAccess.git";
			requirement = {
				branch = master;
				kind = branch;
			};
		};
		1415DDDB28F65B9800433703 /* XCRemoteSwiftPackageReference "iOSIntPackage" */ = {
			isa = XCRemoteSwiftPackageReference;
			repositoryURL = "https://github.com/TrueMax/iOSIntPackage.git";
			requirement = {
				kind = exactVersion;
				version = 3.2.3;
			};
		};
		14673AF32918C148006FEC03 /* XCRemoteSwiftPackageReference "SnapKit" */ = {
			isa = XCRemoteSwiftPackageReference;
			repositoryURL = "https://github.com/SnapKit/SnapKit.git";
			requirement = {
				branch = develop;
				kind = branch;
			};
		};
		14E76B7A29815D8800B50E59 /* XCRemoteSwiftPackageReference "realm-swift" */ = {
			isa = XCRemoteSwiftPackageReference;
			repositoryURL = "https://github.com/realm/realm-swift.git";
			requirement = {
				branch = master;
				kind = branch;
			};
		};
/* End XCRemoteSwiftPackageReference section */

/* Begin XCSwiftPackageProductDependency section */
		14103468292F44300081FB25 /* KeychainAccess */ = {
			isa = XCSwiftPackageProductDependency;
			package = 14103467292F44300081FB25 /* XCRemoteSwiftPackageReference "KeychainAccess" */;
			productName = KeychainAccess;
		};
		1415DDDC28F65B9800433703 /* iOSIntPackage */ = {
			isa = XCSwiftPackageProductDependency;
			package = 1415DDDB28F65B9800433703 /* XCRemoteSwiftPackageReference "iOSIntPackage" */;
			productName = iOSIntPackage;
		};
		14673AF42918C148006FEC03 /* SnapKit */ = {
			isa = XCSwiftPackageProductDependency;
			package = 14673AF32918C148006FEC03 /* XCRemoteSwiftPackageReference "SnapKit" */;
			productName = SnapKit;
		};
		1485A28E2981782A006B9045 /* RealmSwift */ = {
			isa = XCSwiftPackageProductDependency;
			package = 14E76B7A29815D8800B50E59 /* XCRemoteSwiftPackageReference "realm-swift" */;
			productName = RealmSwift;
		};
		1485A2902981782E006B9045 /* Realm */ = {
			isa = XCSwiftPackageProductDependency;
			package = 14E76B7A29815D8800B50E59 /* XCRemoteSwiftPackageReference "realm-swift" */;
			productName = Realm;
		};
		14E76B7B29815D8800B50E59 /* RealmSwift */ = {
			isa = XCSwiftPackageProductDependency;
			package = 14E76B7A29815D8800B50E59 /* XCRemoteSwiftPackageReference "realm-swift" */;
			productName = RealmSwift;
		};
/* End XCSwiftPackageProductDependency section */

/* Begin XCVersionGroup section */
		14F5C5412939ABBF0034CE9B /* PostCoreData.xcdatamodeld */ = {
			isa = XCVersionGroup;
			children = (
				14F5C5422939ABBF0034CE9B /* PostCoreData.xcdatamodel */,
			);
			currentVersion = 14F5C5422939ABBF0034CE9B /* PostCoreData.xcdatamodel */;
			path = PostCoreData.xcdatamodeld;
			sourceTree = "<group>";
			versionGroupType = wrapper.xcdatamodel;
		};
/* End XCVersionGroup section */
	};
	rootObject = 4F7F58EE288E5AE400138DF2 /* Project object */;
}
